// !$*UTF8*$!
{
	archiveVersion = 1;
	classes = {
	};
	objectVersion = 46;
	objects = {

/* Begin PBXBuildFile section */
		139640261F28F5D200A90F8D /* Kingfisher.framework in Copy Frameworks */ = {isa = PBXBuildFile; fileRef = 1396400C1F28F4F300A90F8D /* Kingfisher.framework */; settings = {ATTRIBUTES = (CodeSignOnCopy, RemoveHeadersOnCopy, ); }; };
		13AC3D9D1F138D50004A261A /* Partner_offer.swift in Sources */ = {isa = PBXBuildFile; fileRef = 13AC3D9C1F138D50004A261A /* Partner_offer.swift */; };
		13AC3DA11F15263E004A261A /* Partner.swift in Sources */ = {isa = PBXBuildFile; fileRef = 13AC3DA01F15263E004A261A /* Partner.swift */; };
		13AC3DA51F1657B2004A261A /* CHViewController.swift in Sources */ = {isa = PBXBuildFile; fileRef = 13AC3DA41F1657B1004A261A /* CHViewController.swift */; };
		1807C96F1EF96D5C003F554F /* AppDelegate.swift in Sources */ = {isa = PBXBuildFile; fileRef = 1807C96E1EF96D5C003F554F /* AppDelegate.swift */; };
		1807C9761EF96D5D003F554F /* Main.storyboard in Resources */ = {isa = PBXBuildFile; fileRef = 1807C9741EF96D5D003F554F /* Main.storyboard */; };
		1807C9781EF96D5D003F554F /* Assets.xcassets in Resources */ = {isa = PBXBuildFile; fileRef = 1807C9771EF96D5D003F554F /* Assets.xcassets */; };
		1807C97B1EF96D5D003F554F /* LaunchScreen.storyboard in Resources */ = {isa = PBXBuildFile; fileRef = 1807C9791EF96D5D003F554F /* LaunchScreen.storyboard */; };
		1807C98B1EF96EE7003F554F /* EmptySegue.m in Sources */ = {isa = PBXBuildFile; fileRef = 1807C9851EF96EE7003F554F /* EmptySegue.m */; };
		1807C98C1EF96EE7003F554F /* MSSlidingPanelController.m in Sources */ = {isa = PBXBuildFile; fileRef = 1807C9871EF96EE7003F554F /* MSSlidingPanelController.m */; };
		1807C98D1EF96EE7003F554F /* MSViewControllerSlidingPanel.m in Sources */ = {isa = PBXBuildFile; fileRef = 1807C9891EF96EE7003F554F /* MSViewControllerSlidingPanel.m */; };
		1807C98E1EF96EE7003F554F /* BaseViewController.swift in Sources */ = {isa = PBXBuildFile; fileRef = 1807C98A1EF96EE7003F554F /* BaseViewController.swift */; };
		180E20B41F025A1D00AA487D /* TermsPgerController.swift in Sources */ = {isa = PBXBuildFile; fileRef = 180E20B31F025A1D00AA487D /* TermsPgerController.swift */; };
		180E20B61F025AC800AA487D /* EnglishTermsViewController.swift in Sources */ = {isa = PBXBuildFile; fileRef = 180E20B51F025AC800AA487D /* EnglishTermsViewController.swift */; };
		180E20B81F025ADB00AA487D /* ArabicTermsViewController.swift in Sources */ = {isa = PBXBuildFile; fileRef = 180E20B71F025ADB00AA487D /* ArabicTermsViewController.swift */; };
		180E20BA1F0262A400AA487D /* Extensions.swift in Sources */ = {isa = PBXBuildFile; fileRef = 180E20B91F0262A400AA487D /* Extensions.swift */; };
		180FB33D1F06C42200CBBB17 /* loaderMatirial.swift in Sources */ = {isa = PBXBuildFile; fileRef = 180FB33C1F06C42200CBBB17 /* loaderMatirial.swift */; };
		18184C631F0C329A004EA99C /* ImagesDetailsCollectionViewCell.swift in Sources */ = {isa = PBXBuildFile; fileRef = 18184C621F0C329A004EA99C /* ImagesDetailsCollectionViewCell.swift */; };
		181AC1371F0811E200487FB0 /* AboutPagerViewController.swift in Sources */ = {isa = PBXBuildFile; fileRef = 181AC1361F0811E200487FB0 /* AboutPagerViewController.swift */; };
		181AC1401F08126500487FB0 /* ArabicAboutViewController.swift in Sources */ = {isa = PBXBuildFile; fileRef = 181AC13F1F08126500487FB0 /* ArabicAboutViewController.swift */; };
		181AC1421F08128700487FB0 /* EnglishAboutViewController.swift in Sources */ = {isa = PBXBuildFile; fileRef = 181AC1411F08128700487FB0 /* EnglishAboutViewController.swift */; };
		1820440D1EF98FD400CDB3EF /* SignUpViewController.swift in Sources */ = {isa = PBXBuildFile; fileRef = 1820440C1EF98FD400CDB3EF /* SignUpViewController.swift */; };
		18263B911F0654510080929A /* postResponse.swift in Sources */ = {isa = PBXBuildFile; fileRef = 18263B901F0654510080929A /* postResponse.swift */; };
		1828EE4C1F02F9CC0056A6FC /* Test.swift in Sources */ = {isa = PBXBuildFile; fileRef = 1828EE4B1F02F9CC0056A6FC /* Test.swift */; };
		182C6E031F11227F00D9DBED /* QRScannerController.swift in Sources */ = {isa = PBXBuildFile; fileRef = 182C6E021F11227F00D9DBED /* QRScannerController.swift */; };
		182C6E0C1F11240400D9DBED /* PartnerViewController.swift in Sources */ = {isa = PBXBuildFile; fileRef = 182C6E0B1F11240400D9DBED /* PartnerViewController.swift */; };
		182C6E0E1F11240B00D9DBED /* BuyCardViewController.swift in Sources */ = {isa = PBXBuildFile; fileRef = 182C6E0D1F11240B00D9DBED /* BuyCardViewController.swift */; };
		182E590B1F04EC0E00EA49F9 /* SearchTableViewCell.swift in Sources */ = {isa = PBXBuildFile; fileRef = 182E590A1F04EC0E00EA49F9 /* SearchTableViewCell.swift */; };
		182E590D1F04F5B000EA49F9 /* SearchLocationTableViewCell.swift in Sources */ = {isa = PBXBuildFile; fileRef = 182E590C1F04F5B000EA49F9 /* SearchLocationTableViewCell.swift */; };
		182E590F1F04F61600EA49F9 /* SearchLocationViewController.swift in Sources */ = {isa = PBXBuildFile; fileRef = 182E590E1F04F61600EA49F9 /* SearchLocationViewController.swift */; };
		182E59111F05015200EA49F9 /* TagCollectionViewCell.swift in Sources */ = {isa = PBXBuildFile; fileRef = 182E59101F05015200EA49F9 /* TagCollectionViewCell.swift */; };
		1832B42F1F058D850072E3F0 /* branch.swift in Sources */ = {isa = PBXBuildFile; fileRef = 1832B4211F058D850072E3F0 /* branch.swift */; };
		1832B4301F058D850072E3F0 /* card.swift in Sources */ = {isa = PBXBuildFile; fileRef = 1832B4221F058D850072E3F0 /* card.swift */; };
		1832B4311F058D850072E3F0 /* categoryy.swift in Sources */ = {isa = PBXBuildFile; fileRef = 1832B4231F058D850072E3F0 /* categoryy.swift */; };
		1832B4321F058D850072E3F0 /* country.swift in Sources */ = {isa = PBXBuildFile; fileRef = 1832B4241F058D850072E3F0 /* country.swift */; };
		1832B4331F058D850072E3F0 /* district.swift in Sources */ = {isa = PBXBuildFile; fileRef = 1832B4251F058D850072E3F0 /* district.swift */; };
		1832B4341F058D850072E3F0 /* favourite.swift in Sources */ = {isa = PBXBuildFile; fileRef = 1832B4261F058D850072E3F0 /* favourite.swift */; };
		1832B4351F058D850072E3F0 /* offer_details.swift in Sources */ = {isa = PBXBuildFile; fileRef = 1832B4271F058D850072E3F0 /* offer_details.swift */; };
		1832B4361F058D850072E3F0 /* offer.swift in Sources */ = {isa = PBXBuildFile; fileRef = 1832B4281F058D850072E3F0 /* offer.swift */; };
		1832B4371F058D850072E3F0 /* payment_method.swift in Sources */ = {isa = PBXBuildFile; fileRef = 1832B4291F058D850072E3F0 /* payment_method.swift */; };
		1832B4381F058D850072E3F0 /* region.swift in Sources */ = {isa = PBXBuildFile; fileRef = 1832B42A1F058D850072E3F0 /* region.swift */; };
		1832B4391F058D850072E3F0 /* services_calls.swift in Sources */ = {isa = PBXBuildFile; fileRef = 1832B42B1F058D850072E3F0 /* services_calls.swift */; };
		1832B43A1F058D850072E3F0 /* static_page.swift in Sources */ = {isa = PBXBuildFile; fileRef = 1832B42C1F058D850072E3F0 /* static_page.swift */; };
		1832B43B1F058D850072E3F0 /* sub_category.swift in Sources */ = {isa = PBXBuildFile; fileRef = 1832B42D1F058D850072E3F0 /* sub_category.swift */; };
		1832B43C1F058D850072E3F0 /* user.swift in Sources */ = {isa = PBXBuildFile; fileRef = 1832B42E1F058D850072E3F0 /* user.swift */; };
		183472CB1EFB133800309CE9 /* MenuTableViewCell.swift in Sources */ = {isa = PBXBuildFile; fileRef = 183472CA1EFB133800309CE9 /* MenuTableViewCell.swift */; };
		183472CD1EFB134E00309CE9 /* MenuViewController.swift in Sources */ = {isa = PBXBuildFile; fileRef = 183472CC1EFB134E00309CE9 /* MenuViewController.swift */; };
		183A21331F0E865000FCF960 /* BranchesDetailsCollectionViewCell.swift in Sources */ = {isa = PBXBuildFile; fileRef = 183A21321F0E865000FCF960 /* BranchesDetailsCollectionViewCell.swift */; };
		183A213C1F0E917800FCF960 /* GalaryElement.swift in Sources */ = {isa = PBXBuildFile; fileRef = 183A213B1F0E917800FCF960 /* GalaryElement.swift */; };
		183A213E1F0E982F00FCF960 /* SearchResultViewController.swift in Sources */ = {isa = PBXBuildFile; fileRef = 183A213D1F0E982E00FCF960 /* SearchResultViewController.swift */; };
		18400E431F0414E8008F0811 /* GrayTextField.swift in Sources */ = {isa = PBXBuildFile; fileRef = 18400E421F0414E8008F0811 /* GrayTextField.swift */; };
		1848D5F61EF9B0ED0052140C /* PagerController.swift in Sources */ = {isa = PBXBuildFile; fileRef = 1848D5F51EF9B0ED0052140C /* PagerController.swift */; };
		1848D5F91EF9B18F0052140C /* PrivilebViewController.swift in Sources */ = {isa = PBXBuildFile; fileRef = 1848D5F81EF9B18F0052140C /* PrivilebViewController.swift */; };
		1848D5FB1EF9B1AC0052140C /* PrivilebPagerViewController.swift in Sources */ = {isa = PBXBuildFile; fileRef = 1848D5FA1EF9B1AC0052140C /* PrivilebPagerViewController.swift */; };
		1848D5FF1EF9B3410052140C /* AllDealsViewController.swift in Sources */ = {isa = PBXBuildFile; fileRef = 1848D5FE1EF9B3410052140C /* AllDealsViewController.swift */; };
		1848D6031EF9BC520052140C /* colorExtension.swift in Sources */ = {isa = PBXBuildFile; fileRef = 1848D6021EF9BC520052140C /* colorExtension.swift */; };
		184BBB0E1EFAB3E600CAFE82 /* FeaturedDetailsViewController.swift in Sources */ = {isa = PBXBuildFile; fileRef = 184BBB0D1EFAB3E600CAFE82 /* FeaturedDetailsViewController.swift */; };
		184BBB101EFAB3F200CAFE82 /* CustomTabBarController.swift in Sources */ = {isa = PBXBuildFile; fileRef = 184BBB0F1EFAB3F200CAFE82 /* CustomTabBarController.swift */; };
		184BBB121EFAB48C00CAFE82 /* FeaturedTableViewCell.swift in Sources */ = {isa = PBXBuildFile; fileRef = 184BBB111EFAB48C00CAFE82 /* FeaturedTableViewCell.swift */; };
		184BBB141EFAB4B200CAFE82 /* FirstViewController.swift in Sources */ = {isa = PBXBuildFile; fileRef = 184BBB131EFAB4B200CAFE82 /* FirstViewController.swift */; };
		184BBB161EFAB4C200CAFE82 /* SecondViewController.swift in Sources */ = {isa = PBXBuildFile; fileRef = 184BBB151EFAB4C200CAFE82 /* SecondViewController.swift */; };
		184BBB181EFAB4CA00CAFE82 /* CategoriesViewController.swift in Sources */ = {isa = PBXBuildFile; fileRef = 184BBB171EFAB4CA00CAFE82 /* CategoriesViewController.swift */; };
		18530E611F06ECF1000B5F35 /* CustomPointAnnotation.swift in Sources */ = {isa = PBXBuildFile; fileRef = 18530E601F06ECF1000B5F35 /* CustomPointAnnotation.swift */; };
		18530E6A1F06F50E000B5F35 /* OfferAnnotation.swift in Sources */ = {isa = PBXBuildFile; fileRef = 18530E691F06F50E000B5F35 /* OfferAnnotation.swift */; };
		18530E6C1F06F7DA000B5F35 /* OfferMapView.xib in Resources */ = {isa = PBXBuildFile; fileRef = 18530E6B1F06F7DA000B5F35 /* OfferMapView.xib */; };
		18530E6E1F06F992000B5F35 /* OfferMapView.swift in Sources */ = {isa = PBXBuildFile; fileRef = 18530E6D1F06F992000B5F35 /* OfferMapView.swift */; };
		18530E701F06FB04000B5F35 /* OfferAnnotationView.swift in Sources */ = {isa = PBXBuildFile; fileRef = 18530E6F1F06FB04000B5F35 /* OfferAnnotationView.swift */; };
		1863CF481F05AE2F00DE6140 /* CatDisplay.swift in Sources */ = {isa = PBXBuildFile; fileRef = 1863CF471F05AE2F00DE6140 /* CatDisplay.swift */; };
		189535261F01A32E00E7D4C3 /* FavoriteSimpleCell.swift in Sources */ = {isa = PBXBuildFile; fileRef = 189535251F01A32E00E7D4C3 /* FavoriteSimpleCell.swift */; };
		189535281F01B13300E7D4C3 /* CategoryCollectionViewCell.swift in Sources */ = {isa = PBXBuildFile; fileRef = 189535271F01B13300E7D4C3 /* CategoryCollectionViewCell.swift */; };
		1895352A1F01BC6C00E7D4C3 /* AECardPagerViewController.swift in Sources */ = {isa = PBXBuildFile; fileRef = 189535291F01BC6C00E7D4C3 /* AECardPagerViewController.swift */; };
		1895352C1F01BD5A00E7D4C3 /* ArabicViewController.swift in Sources */ = {isa = PBXBuildFile; fileRef = 1895352B1F01BD5A00E7D4C3 /* ArabicViewController.swift */; };
		1895352E1F01BD6600E7D4C3 /* EngilshViewController.swift in Sources */ = {isa = PBXBuildFile; fileRef = 1895352D1F01BD6600E7D4C3 /* EngilshViewController.swift */; };
		18AEE9271F018E4B00FD6D59 /* FilterViewController.swift in Sources */ = {isa = PBXBuildFile; fileRef = 18AEE9261F018E4B00FD6D59 /* FilterViewController.swift */; };
		18AEE9291F01908200FD6D59 /* FavorieViewController.swift in Sources */ = {isa = PBXBuildFile; fileRef = 18AEE9281F01908200FD6D59 /* FavorieViewController.swift */; };
		18AEE92B1F0191CF00FD6D59 /* PrivilebCardController.swift in Sources */ = {isa = PBXBuildFile; fileRef = 18AEE92A1F0191CF00FD6D59 /* PrivilebCardController.swift */; };
		18AEE92D1F0192D100FD6D59 /* NearbyController.swift in Sources */ = {isa = PBXBuildFile; fileRef = 18AEE92C1F0192D100FD6D59 /* NearbyController.swift */; };
		18EFFA3D1F017FC000A3F2FE /* RegisterViewController.swift in Sources */ = {isa = PBXBuildFile; fileRef = 18EFFA3C1F017FC000A3F2FE /* RegisterViewController.swift */; };
		18EFFA3F1F01838D00A3F2FE /* LoginViewController.swift in Sources */ = {isa = PBXBuildFile; fileRef = 18EFFA3E1F01838D00A3F2FE /* LoginViewController.swift */; };
		18EFFA491F01845800A3F2FE /* TPKeyboardAvoidingCollectionView.m in Sources */ = {isa = PBXBuildFile; fileRef = 18EFFA421F01845800A3F2FE /* TPKeyboardAvoidingCollectionView.m */; };
		18EFFA4A1F01845800A3F2FE /* TPKeyboardAvoidingScrollView.m in Sources */ = {isa = PBXBuildFile; fileRef = 18EFFA441F01845800A3F2FE /* TPKeyboardAvoidingScrollView.m */; };
		18EFFA4B1F01845800A3F2FE /* TPKeyboardAvoidingTableView.m in Sources */ = {isa = PBXBuildFile; fileRef = 18EFFA461F01845800A3F2FE /* TPKeyboardAvoidingTableView.m */; };
		18EFFA4C1F01845800A3F2FE /* UIScrollView+TPKeyboardAvoidingAdditions.m in Sources */ = {isa = PBXBuildFile; fileRef = 18EFFA481F01845800A3F2FE /* UIScrollView+TPKeyboardAvoidingAdditions.m */; };
		2E24075E254219BA5A1CB83E /* Pods_OneSignalNotificationServiceExtension.framework in Frameworks */ = {isa = PBXBuildFile; fileRef = 0A9915DD68F3FB75F1C3CB6F /* Pods_OneSignalNotificationServiceExtension.framework */; };
		31CFA458D9F48E71AB1CAA61 /* Pods_Privileb.framework in Frameworks */ = {isa = PBXBuildFile; fileRef = 54593A84749AD34AFBD73DBC /* Pods_Privileb.framework */; };
		5B5871EF1F56A84800D660BF /* Alamofire.framework in Frameworks */ = {isa = PBXBuildFile; fileRef = 5B5871E21F56A83C00D660BF /* Alamofire.framework */; };
		5B5871F01F56A84800D660BF /* Alamofire.framework in Embed Frameworks */ = {isa = PBXBuildFile; fileRef = 5B5871E21F56A83C00D660BF /* Alamofire.framework */; settings = {ATTRIBUTES = (CodeSignOnCopy, RemoveHeadersOnCopy, ); }; };
		5B5871FB1F56A88400D660BF /* NotificationService.swift in Sources */ = {isa = PBXBuildFile; fileRef = 5B5871FA1F56A88400D660BF /* NotificationService.swift */; };
		5B5871FF1F56A88400D660BF /* OneSignalNotificationServiceExtension.appex in Embed App Extensions */ = {isa = PBXBuildFile; fileRef = 5B5871F81F56A88400D660BF /* OneSignalNotificationServiceExtension.appex */; settings = {ATTRIBUTES = (RemoveHeadersOnCopy, ); }; };
/* End PBXBuildFile section */

/* Begin PBXContainerItemProxy section */
		1396400B1F28F4F300A90F8D /* PBXContainerItemProxy */ = {
			isa = PBXContainerItemProxy;
			containerPortal = 13963FFC1F28F4F200A90F8D /* Kingfisher.xcodeproj */;
			proxyType = 2;
			remoteGlobalIDString = D1ED2D351AD2D09F00CFC3EB;
			remoteInfo = "Kingfisher-iOS";
		};
		1396400D1F28F4F300A90F8D /* PBXContainerItemProxy */ = {
			isa = PBXContainerItemProxy;
			containerPortal = 13963FFC1F28F4F200A90F8D /* Kingfisher.xcodeproj */;
			proxyType = 2;
			remoteGlobalIDString = D13F49D61BEDA67C00CE335D;
			remoteInfo = "Kingfisher-tvOS";
		};
		1396400F1F28F4F300A90F8D /* PBXContainerItemProxy */ = {
			isa = PBXContainerItemProxy;
			containerPortal = 13963FFC1F28F4F200A90F8D /* Kingfisher.xcodeproj */;
			proxyType = 2;
			remoteGlobalIDString = 4B2944481C3D01B20088C3E7;
			remoteInfo = "Kingfisher-macOS";
		};
		139640111F28F4F300A90F8D /* PBXContainerItemProxy */ = {
			isa = PBXContainerItemProxy;
			containerPortal = 13963FFC1F28F4F200A90F8D /* Kingfisher.xcodeproj */;
			proxyType = 2;
			remoteGlobalIDString = D16799EB1C4E74460020FD12;
			remoteInfo = "Kingfisher-watchOS";
		};
		139640131F28F4F300A90F8D /* PBXContainerItemProxy */ = {
			isa = PBXContainerItemProxy;
			containerPortal = 13963FFC1F28F4F200A90F8D /* Kingfisher.xcodeproj */;
			proxyType = 2;
			remoteGlobalIDString = D1ED2D0B1AD2CFA600CFC3EB;
			remoteInfo = "Kingfisher-Demo";
		};
		139640151F28F4F300A90F8D /* PBXContainerItemProxy */ = {
			isa = PBXContainerItemProxy;
			containerPortal = 13963FFC1F28F4F200A90F8D /* Kingfisher.xcodeproj */;
			proxyType = 2;
			remoteGlobalIDString = D13F49C21BEDA53F00CE335D;
			remoteInfo = "Kingfisher-tvOS-Demo";
		};
		139640171F28F4F300A90F8D /* PBXContainerItemProxy */ = {
			isa = PBXContainerItemProxy;
			containerPortal = 13963FFC1F28F4F200A90F8D /* Kingfisher.xcodeproj */;
			proxyType = 2;
			remoteGlobalIDString = 4B2944551C3D03880088C3E7;
			remoteInfo = "Kingfisher-macOS-Demo";
		};
		139640191F28F4F300A90F8D /* PBXContainerItemProxy */ = {
			isa = PBXContainerItemProxy;
			containerPortal = 13963FFC1F28F4F200A90F8D /* Kingfisher.xcodeproj */;
			proxyType = 2;
			remoteGlobalIDString = D1679A391C4E78B20020FD12;
			remoteInfo = "Kingfisher-watchOS-Demo";
		};
		1396401B1F28F4F300A90F8D /* PBXContainerItemProxy */ = {
			isa = PBXContainerItemProxy;
			containerPortal = 13963FFC1F28F4F200A90F8D /* Kingfisher.xcodeproj */;
			proxyType = 2;
			remoteGlobalIDString = D1679A451C4E78B20020FD12;
			remoteInfo = "Kingfisher-watchOS-Demo Extension";
		};
		1396401D1F28F4F300A90F8D /* PBXContainerItemProxy */ = {
			isa = PBXContainerItemProxy;
			containerPortal = 13963FFC1F28F4F200A90F8D /* Kingfisher.xcodeproj */;
			proxyType = 2;
			remoteGlobalIDString = D1ED2D3F1AD2D09F00CFC3EB;
			remoteInfo = KingfisherTests;
		};
		1396401F1F28F4F300A90F8D /* PBXContainerItemProxy */ = {
			isa = PBXContainerItemProxy;
			containerPortal = 13963FFC1F28F4F200A90F8D /* Kingfisher.xcodeproj */;
			proxyType = 2;
			remoteGlobalIDString = 4B37667F1C478F940001443F;
			remoteInfo = "KingfisherTests-tvOS";
		};
		139640211F28F4F300A90F8D /* PBXContainerItemProxy */ = {
			isa = PBXContainerItemProxy;
			containerPortal = 13963FFC1F28F4F200A90F8D /* Kingfisher.xcodeproj */;
			proxyType = 2;
			remoteGlobalIDString = D10EC2311C3D632300A4211C;
			remoteInfo = "KingfisherTests-macOS";
		};
		139640231F28F53A00A90F8D /* PBXContainerItemProxy */ = {
			isa = PBXContainerItemProxy;
			containerPortal = 13963FFC1F28F4F200A90F8D /* Kingfisher.xcodeproj */;
			proxyType = 1;
			remoteGlobalIDString = D1ED2D341AD2D09F00CFC3EB;
			remoteInfo = "Kingfisher-iOS";
		};
		5B5871E11F56A83C00D660BF /* PBXContainerItemProxy */ = {
			isa = PBXContainerItemProxy;
			containerPortal = 5B5871D61F56A83C00D660BF /* Alamofire.xcodeproj */;
			proxyType = 2;
			remoteGlobalIDString = F8111E3319A95C8B0040E7D1;
			remoteInfo = "Alamofire iOS";
		};
		5B5871E31F56A83C00D660BF /* PBXContainerItemProxy */ = {
			isa = PBXContainerItemProxy;
			containerPortal = 5B5871D61F56A83C00D660BF /* Alamofire.xcodeproj */;
			proxyType = 2;
			remoteGlobalIDString = F8111E3E19A95C8B0040E7D1;
			remoteInfo = "Alamofire iOS Tests";
		};
		5B5871E51F56A83C00D660BF /* PBXContainerItemProxy */ = {
			isa = PBXContainerItemProxy;
			containerPortal = 5B5871D61F56A83C00D660BF /* Alamofire.xcodeproj */;
			proxyType = 2;
			remoteGlobalIDString = 4DD67C0B1A5C55C900ED2280;
			remoteInfo = "Alamofire macOS";
		};
		5B5871E71F56A83C00D660BF /* PBXContainerItemProxy */ = {
			isa = PBXContainerItemProxy;
			containerPortal = 5B5871D61F56A83C00D660BF /* Alamofire.xcodeproj */;
			proxyType = 2;
			remoteGlobalIDString = F829C6B21A7A94F100A2CD59;
			remoteInfo = "Alamofire macOS Tests";
		};
		5B5871E91F56A83C00D660BF /* PBXContainerItemProxy */ = {
			isa = PBXContainerItemProxy;
			containerPortal = 5B5871D61F56A83C00D660BF /* Alamofire.xcodeproj */;
			proxyType = 2;
			remoteGlobalIDString = 4CF626EF1BA7CB3E0011A099;
			remoteInfo = "Alamofire tvOS";
		};
		5B5871EB1F56A83C00D660BF /* PBXContainerItemProxy */ = {
			isa = PBXContainerItemProxy;
			containerPortal = 5B5871D61F56A83C00D660BF /* Alamofire.xcodeproj */;
			proxyType = 2;
			remoteGlobalIDString = 4CF626F81BA7CB3E0011A099;
			remoteInfo = "Alamofire tvOS Tests";
		};
		5B5871ED1F56A83C00D660BF /* PBXContainerItemProxy */ = {
			isa = PBXContainerItemProxy;
			containerPortal = 5B5871D61F56A83C00D660BF /* Alamofire.xcodeproj */;
			proxyType = 2;
			remoteGlobalIDString = E4202FE01B667AA100C997FB;
			remoteInfo = "Alamofire watchOS";
		};
		5B5871F11F56A84800D660BF /* PBXContainerItemProxy */ = {
			isa = PBXContainerItemProxy;
			containerPortal = 5B5871D61F56A83C00D660BF /* Alamofire.xcodeproj */;
			proxyType = 1;
			remoteGlobalIDString = F8111E3219A95C8B0040E7D1;
			remoteInfo = "Alamofire iOS";
		};
		5B5871FD1F56A88400D660BF /* PBXContainerItemProxy */ = {
			isa = PBXContainerItemProxy;
			containerPortal = 1807C9631EF96D58003F554F /* Project object */;
			proxyType = 1;
			remoteGlobalIDString = 5B5871F71F56A88400D660BF;
			remoteInfo = OneSignalNotificationServiceExtension;
		};
/* End PBXContainerItemProxy section */

/* Begin PBXCopyFilesBuildPhase section */
		139640251F28F5A600A90F8D /* Copy Frameworks */ = {
			isa = PBXCopyFilesBuildPhase;
			buildActionMask = 2147483647;
			dstPath = "";
			dstSubfolderSpec = 10;
			files = (
				139640261F28F5D200A90F8D /* Kingfisher.framework in Copy Frameworks */,
			);
			name = "Copy Frameworks";
			runOnlyForDeploymentPostprocessing = 0;
		};
		1832B4201F058D660072E3F0 /* Embed Frameworks */ = {
			isa = PBXCopyFilesBuildPhase;
			buildActionMask = 2147483647;
			dstPath = "";
			dstSubfolderSpec = 10;
			files = (
				5B5871F01F56A84800D660BF /* Alamofire.framework in Embed Frameworks */,
			);
			name = "Embed Frameworks";
			runOnlyForDeploymentPostprocessing = 0;
		};
		5B5872031F56A88400D660BF /* Embed App Extensions */ = {
			isa = PBXCopyFilesBuildPhase;
			buildActionMask = 2147483647;
			dstPath = "";
			dstSubfolderSpec = 13;
			files = (
				5B5871FF1F56A88400D660BF /* OneSignalNotificationServiceExtension.appex in Embed App Extensions */,
			);
			name = "Embed App Extensions";
			runOnlyForDeploymentPostprocessing = 0;
		};
/* End PBXCopyFilesBuildPhase section */

/* Begin PBXFileReference section */
		0A9915DD68F3FB75F1C3CB6F /* Pods_OneSignalNotificationServiceExtension.framework */ = {isa = PBXFileReference; explicitFileType = wrapper.framework; includeInIndex = 0; path = Pods_OneSignalNotificationServiceExtension.framework; sourceTree = BUILT_PRODUCTS_DIR; };
		13963FFC1F28F4F200A90F8D /* Kingfisher.xcodeproj */ = {isa = PBXFileReference; lastKnownFileType = "wrapper.pb-project"; name = Kingfisher.xcodeproj; path = "Kingfisher-master/Kingfisher.xcodeproj"; sourceTree = "<group>"; };
		13AC3D9C1F138D50004A261A /* Partner_offer.swift */ = {isa = PBXFileReference; fileEncoding = 4; lastKnownFileType = sourcecode.swift; path = Partner_offer.swift; sourceTree = "<group>"; };
		13AC3DA01F15263E004A261A /* Partner.swift */ = {isa = PBXFileReference; fileEncoding = 4; lastKnownFileType = sourcecode.swift; path = Partner.swift; sourceTree = "<group>"; };
		13AC3DA41F1657B1004A261A /* CHViewController.swift */ = {isa = PBXFileReference; fileEncoding = 4; lastKnownFileType = sourcecode.swift; path = CHViewController.swift; sourceTree = "<group>"; };
		1807C96B1EF96D5C003F554F /* Privileb.app */ = {isa = PBXFileReference; explicitFileType = wrapper.application; includeInIndex = 0; path = Privileb.app; sourceTree = BUILT_PRODUCTS_DIR; };
		1807C96E1EF96D5C003F554F /* AppDelegate.swift */ = {isa = PBXFileReference; lastKnownFileType = sourcecode.swift; path = AppDelegate.swift; sourceTree = "<group>"; };
		1807C9751EF96D5D003F554F /* Base */ = {isa = PBXFileReference; lastKnownFileType = file.storyboard; name = Base; path = Base.lproj/Main.storyboard; sourceTree = "<group>"; };
		1807C9771EF96D5D003F554F /* Assets.xcassets */ = {isa = PBXFileReference; lastKnownFileType = folder.assetcatalog; path = Assets.xcassets; sourceTree = "<group>"; };
		1807C97A1EF96D5D003F554F /* Base */ = {isa = PBXFileReference; lastKnownFileType = file.storyboard; name = Base; path = Base.lproj/LaunchScreen.storyboard; sourceTree = "<group>"; };
		1807C97C1EF96D5D003F554F /* Info.plist */ = {isa = PBXFileReference; lastKnownFileType = text.plist.xml; path = Info.plist; sourceTree = "<group>"; };
		1807C9831EF96EE6003F554F /* Privileb-Bridging-Header.h */ = {isa = PBXFileReference; lastKnownFileType = sourcecode.c.h; name = "Privileb-Bridging-Header.h"; path = "Privileb/Privileb-Bridging-Header.h"; sourceTree = "<group>"; };
		1807C9841EF96EE7003F554F /* EmptySegue.h */ = {isa = PBXFileReference; fileEncoding = 4; lastKnownFileType = sourcecode.c.h; path = EmptySegue.h; sourceTree = "<group>"; };
		1807C9851EF96EE7003F554F /* EmptySegue.m */ = {isa = PBXFileReference; fileEncoding = 4; lastKnownFileType = sourcecode.c.objc; path = EmptySegue.m; sourceTree = "<group>"; };
		1807C9861EF96EE7003F554F /* MSSlidingPanelController.h */ = {isa = PBXFileReference; fileEncoding = 4; lastKnownFileType = sourcecode.c.h; path = MSSlidingPanelController.h; sourceTree = "<group>"; };
		1807C9871EF96EE7003F554F /* MSSlidingPanelController.m */ = {isa = PBXFileReference; fileEncoding = 4; lastKnownFileType = sourcecode.c.objc; path = MSSlidingPanelController.m; sourceTree = "<group>"; };
		1807C9881EF96EE7003F554F /* MSViewControllerSlidingPanel.h */ = {isa = PBXFileReference; fileEncoding = 4; lastKnownFileType = sourcecode.c.h; path = MSViewControllerSlidingPanel.h; sourceTree = "<group>"; };
		1807C9891EF96EE7003F554F /* MSViewControllerSlidingPanel.m */ = {isa = PBXFileReference; fileEncoding = 4; lastKnownFileType = sourcecode.c.objc; path = MSViewControllerSlidingPanel.m; sourceTree = "<group>"; };
		1807C98A1EF96EE7003F554F /* BaseViewController.swift */ = {isa = PBXFileReference; fileEncoding = 4; lastKnownFileType = sourcecode.swift; path = BaseViewController.swift; sourceTree = "<group>"; };
		180E20B31F025A1D00AA487D /* TermsPgerController.swift */ = {isa = PBXFileReference; fileEncoding = 4; lastKnownFileType = sourcecode.swift; path = TermsPgerController.swift; sourceTree = "<group>"; };
		180E20B51F025AC800AA487D /* EnglishTermsViewController.swift */ = {isa = PBXFileReference; fileEncoding = 4; lastKnownFileType = sourcecode.swift; path = EnglishTermsViewController.swift; sourceTree = "<group>"; };
		180E20B71F025ADB00AA487D /* ArabicTermsViewController.swift */ = {isa = PBXFileReference; fileEncoding = 4; lastKnownFileType = sourcecode.swift; path = ArabicTermsViewController.swift; sourceTree = "<group>"; };
		180E20B91F0262A400AA487D /* Extensions.swift */ = {isa = PBXFileReference; fileEncoding = 4; lastKnownFileType = sourcecode.swift; path = Extensions.swift; sourceTree = "<group>"; };
		180FB33C1F06C42200CBBB17 /* loaderMatirial.swift */ = {isa = PBXFileReference; fileEncoding = 4; lastKnownFileType = sourcecode.swift; path = loaderMatirial.swift; sourceTree = "<group>"; };
		18184C621F0C329A004EA99C /* ImagesDetailsCollectionViewCell.swift */ = {isa = PBXFileReference; fileEncoding = 4; lastKnownFileType = sourcecode.swift; path = ImagesDetailsCollectionViewCell.swift; sourceTree = "<group>"; };
		181AC1361F0811E200487FB0 /* AboutPagerViewController.swift */ = {isa = PBXFileReference; fileEncoding = 4; lastKnownFileType = sourcecode.swift; path = AboutPagerViewController.swift; sourceTree = "<group>"; };
		181AC13F1F08126500487FB0 /* ArabicAboutViewController.swift */ = {isa = PBXFileReference; fileEncoding = 4; lastKnownFileType = sourcecode.swift; path = ArabicAboutViewController.swift; sourceTree = "<group>"; };
		181AC1411F08128700487FB0 /* EnglishAboutViewController.swift */ = {isa = PBXFileReference; fileEncoding = 4; lastKnownFileType = sourcecode.swift; path = EnglishAboutViewController.swift; sourceTree = "<group>"; };
		1820440C1EF98FD400CDB3EF /* SignUpViewController.swift */ = {isa = PBXFileReference; fileEncoding = 4; lastKnownFileType = sourcecode.swift; path = SignUpViewController.swift; sourceTree = "<group>"; };
		18263B901F0654510080929A /* postResponse.swift */ = {isa = PBXFileReference; fileEncoding = 4; lastKnownFileType = sourcecode.swift; path = postResponse.swift; sourceTree = "<group>"; };
		1828EE4B1F02F9CC0056A6FC /* Test.swift */ = {isa = PBXFileReference; fileEncoding = 4; lastKnownFileType = sourcecode.swift; path = Test.swift; sourceTree = "<group>"; };
		182C6E021F11227F00D9DBED /* QRScannerController.swift */ = {isa = PBXFileReference; fileEncoding = 4; lastKnownFileType = sourcecode.swift; path = QRScannerController.swift; sourceTree = "<group>"; };
		182C6E0B1F11240400D9DBED /* PartnerViewController.swift */ = {isa = PBXFileReference; fileEncoding = 4; lastKnownFileType = sourcecode.swift; path = PartnerViewController.swift; sourceTree = "<group>"; };
		182C6E0D1F11240B00D9DBED /* BuyCardViewController.swift */ = {isa = PBXFileReference; fileEncoding = 4; lastKnownFileType = sourcecode.swift; path = BuyCardViewController.swift; sourceTree = "<group>"; };
		182E590A1F04EC0E00EA49F9 /* SearchTableViewCell.swift */ = {isa = PBXFileReference; fileEncoding = 4; lastKnownFileType = sourcecode.swift; path = SearchTableViewCell.swift; sourceTree = "<group>"; };
		182E590C1F04F5B000EA49F9 /* SearchLocationTableViewCell.swift */ = {isa = PBXFileReference; fileEncoding = 4; lastKnownFileType = sourcecode.swift; path = SearchLocationTableViewCell.swift; sourceTree = "<group>"; };
		182E590E1F04F61600EA49F9 /* SearchLocationViewController.swift */ = {isa = PBXFileReference; fileEncoding = 4; lastKnownFileType = sourcecode.swift; path = SearchLocationViewController.swift; sourceTree = "<group>"; };
		182E59101F05015200EA49F9 /* TagCollectionViewCell.swift */ = {isa = PBXFileReference; fileEncoding = 4; lastKnownFileType = sourcecode.swift; path = TagCollectionViewCell.swift; sourceTree = "<group>"; };
		1832B4211F058D850072E3F0 /* branch.swift */ = {isa = PBXFileReference; fileEncoding = 4; lastKnownFileType = sourcecode.swift; path = branch.swift; sourceTree = "<group>"; };
		1832B4221F058D850072E3F0 /* card.swift */ = {isa = PBXFileReference; fileEncoding = 4; lastKnownFileType = sourcecode.swift; path = card.swift; sourceTree = "<group>"; };
		1832B4231F058D850072E3F0 /* categoryy.swift */ = {isa = PBXFileReference; fileEncoding = 4; lastKnownFileType = sourcecode.swift; path = categoryy.swift; sourceTree = "<group>"; };
		1832B4241F058D850072E3F0 /* country.swift */ = {isa = PBXFileReference; fileEncoding = 4; lastKnownFileType = sourcecode.swift; path = country.swift; sourceTree = "<group>"; };
		1832B4251F058D850072E3F0 /* district.swift */ = {isa = PBXFileReference; fileEncoding = 4; lastKnownFileType = sourcecode.swift; path = district.swift; sourceTree = "<group>"; };
		1832B4261F058D850072E3F0 /* favourite.swift */ = {isa = PBXFileReference; fileEncoding = 4; lastKnownFileType = sourcecode.swift; path = favourite.swift; sourceTree = "<group>"; };
		1832B4271F058D850072E3F0 /* offer_details.swift */ = {isa = PBXFileReference; fileEncoding = 4; lastKnownFileType = sourcecode.swift; path = offer_details.swift; sourceTree = "<group>"; };
		1832B4281F058D850072E3F0 /* offer.swift */ = {isa = PBXFileReference; fileEncoding = 4; lastKnownFileType = sourcecode.swift; path = offer.swift; sourceTree = "<group>"; };
		1832B4291F058D850072E3F0 /* payment_method.swift */ = {isa = PBXFileReference; fileEncoding = 4; lastKnownFileType = sourcecode.swift; path = payment_method.swift; sourceTree = "<group>"; };
		1832B42A1F058D850072E3F0 /* region.swift */ = {isa = PBXFileReference; fileEncoding = 4; lastKnownFileType = sourcecode.swift; path = region.swift; sourceTree = "<group>"; };
		1832B42B1F058D850072E3F0 /* services_calls.swift */ = {isa = PBXFileReference; fileEncoding = 4; lastKnownFileType = sourcecode.swift; path = services_calls.swift; sourceTree = "<group>"; };
		1832B42C1F058D850072E3F0 /* static_page.swift */ = {isa = PBXFileReference; fileEncoding = 4; lastKnownFileType = sourcecode.swift; path = static_page.swift; sourceTree = "<group>"; };
		1832B42D1F058D850072E3F0 /* sub_category.swift */ = {isa = PBXFileReference; fileEncoding = 4; lastKnownFileType = sourcecode.swift; path = sub_category.swift; sourceTree = "<group>"; };
		1832B42E1F058D850072E3F0 /* user.swift */ = {isa = PBXFileReference; fileEncoding = 4; lastKnownFileType = sourcecode.swift; path = user.swift; sourceTree = "<group>"; };
		183472CA1EFB133800309CE9 /* MenuTableViewCell.swift */ = {isa = PBXFileReference; fileEncoding = 4; lastKnownFileType = sourcecode.swift; path = MenuTableViewCell.swift; sourceTree = "<group>"; };
		183472CC1EFB134E00309CE9 /* MenuViewController.swift */ = {isa = PBXFileReference; fileEncoding = 4; lastKnownFileType = sourcecode.swift; path = MenuViewController.swift; sourceTree = "<group>"; };
		183A21321F0E865000FCF960 /* BranchesDetailsCollectionViewCell.swift */ = {isa = PBXFileReference; fileEncoding = 4; lastKnownFileType = sourcecode.swift; path = BranchesDetailsCollectionViewCell.swift; sourceTree = "<group>"; };
		183A213B1F0E917800FCF960 /* GalaryElement.swift */ = {isa = PBXFileReference; fileEncoding = 4; lastKnownFileType = sourcecode.swift; path = GalaryElement.swift; sourceTree = "<group>"; };
		183A213D1F0E982E00FCF960 /* SearchResultViewController.swift */ = {isa = PBXFileReference; fileEncoding = 4; lastKnownFileType = sourcecode.swift; path = SearchResultViewController.swift; sourceTree = "<group>"; };
		18400E421F0414E8008F0811 /* GrayTextField.swift */ = {isa = PBXFileReference; fileEncoding = 4; lastKnownFileType = sourcecode.swift; path = GrayTextField.swift; sourceTree = "<group>"; };
		1848D5F51EF9B0ED0052140C /* PagerController.swift */ = {isa = PBXFileReference; fileEncoding = 4; lastKnownFileType = sourcecode.swift; path = PagerController.swift; sourceTree = "<group>"; };
		1848D5F81EF9B18F0052140C /* PrivilebViewController.swift */ = {isa = PBXFileReference; fileEncoding = 4; lastKnownFileType = sourcecode.swift; path = PrivilebViewController.swift; sourceTree = "<group>"; };
		1848D5FA1EF9B1AC0052140C /* PrivilebPagerViewController.swift */ = {isa = PBXFileReference; fileEncoding = 4; lastKnownFileType = sourcecode.swift; path = PrivilebPagerViewController.swift; sourceTree = "<group>"; };
		1848D5FE1EF9B3410052140C /* AllDealsViewController.swift */ = {isa = PBXFileReference; fileEncoding = 4; lastKnownFileType = sourcecode.swift; path = AllDealsViewController.swift; sourceTree = "<group>"; };
		1848D6021EF9BC520052140C /* colorExtension.swift */ = {isa = PBXFileReference; fileEncoding = 4; lastKnownFileType = sourcecode.swift; path = colorExtension.swift; sourceTree = "<group>"; };
		184BBB0D1EFAB3E600CAFE82 /* FeaturedDetailsViewController.swift */ = {isa = PBXFileReference; fileEncoding = 4; lastKnownFileType = sourcecode.swift; path = FeaturedDetailsViewController.swift; sourceTree = "<group>"; };
		184BBB0F1EFAB3F200CAFE82 /* CustomTabBarController.swift */ = {isa = PBXFileReference; fileEncoding = 4; lastKnownFileType = sourcecode.swift; path = CustomTabBarController.swift; sourceTree = "<group>"; };
		184BBB111EFAB48C00CAFE82 /* FeaturedTableViewCell.swift */ = {isa = PBXFileReference; fileEncoding = 4; lastKnownFileType = sourcecode.swift; path = FeaturedTableViewCell.swift; sourceTree = "<group>"; };
		184BBB131EFAB4B200CAFE82 /* FirstViewController.swift */ = {isa = PBXFileReference; fileEncoding = 4; lastKnownFileType = sourcecode.swift; path = FirstViewController.swift; sourceTree = "<group>"; };
		184BBB151EFAB4C200CAFE82 /* SecondViewController.swift */ = {isa = PBXFileReference; fileEncoding = 4; lastKnownFileType = sourcecode.swift; path = SecondViewController.swift; sourceTree = "<group>"; };
		184BBB171EFAB4CA00CAFE82 /* CategoriesViewController.swift */ = {isa = PBXFileReference; fileEncoding = 4; lastKnownFileType = sourcecode.swift; path = CategoriesViewController.swift; sourceTree = "<group>"; };
		18530E601F06ECF1000B5F35 /* CustomPointAnnotation.swift */ = {isa = PBXFileReference; fileEncoding = 4; lastKnownFileType = sourcecode.swift; path = CustomPointAnnotation.swift; sourceTree = "<group>"; };
		18530E691F06F50E000B5F35 /* OfferAnnotation.swift */ = {isa = PBXFileReference; fileEncoding = 4; lastKnownFileType = sourcecode.swift; path = OfferAnnotation.swift; sourceTree = "<group>"; };
		18530E6B1F06F7DA000B5F35 /* OfferMapView.xib */ = {isa = PBXFileReference; fileEncoding = 4; lastKnownFileType = file.xib; path = OfferMapView.xib; sourceTree = "<group>"; };
		18530E6D1F06F992000B5F35 /* OfferMapView.swift */ = {isa = PBXFileReference; fileEncoding = 4; lastKnownFileType = sourcecode.swift; path = OfferMapView.swift; sourceTree = "<group>"; };
		18530E6F1F06FB04000B5F35 /* OfferAnnotationView.swift */ = {isa = PBXFileReference; fileEncoding = 4; lastKnownFileType = sourcecode.swift; path = OfferAnnotationView.swift; sourceTree = "<group>"; };
		1863CF471F05AE2F00DE6140 /* CatDisplay.swift */ = {isa = PBXFileReference; fileEncoding = 4; lastKnownFileType = sourcecode.swift; path = CatDisplay.swift; sourceTree = "<group>"; };
		189535251F01A32E00E7D4C3 /* FavoriteSimpleCell.swift */ = {isa = PBXFileReference; fileEncoding = 4; lastKnownFileType = sourcecode.swift; path = FavoriteSimpleCell.swift; sourceTree = "<group>"; };
		189535271F01B13300E7D4C3 /* CategoryCollectionViewCell.swift */ = {isa = PBXFileReference; fileEncoding = 4; lastKnownFileType = sourcecode.swift; path = CategoryCollectionViewCell.swift; sourceTree = "<group>"; };
		189535291F01BC6C00E7D4C3 /* AECardPagerViewController.swift */ = {isa = PBXFileReference; fileEncoding = 4; lastKnownFileType = sourcecode.swift; path = AECardPagerViewController.swift; sourceTree = "<group>"; };
		1895352B1F01BD5A00E7D4C3 /* ArabicViewController.swift */ = {isa = PBXFileReference; fileEncoding = 4; lastKnownFileType = sourcecode.swift; path = ArabicViewController.swift; sourceTree = "<group>"; };
		1895352D1F01BD6600E7D4C3 /* EngilshViewController.swift */ = {isa = PBXFileReference; fileEncoding = 4; lastKnownFileType = sourcecode.swift; path = EngilshViewController.swift; sourceTree = "<group>"; };
		18AEE9261F018E4B00FD6D59 /* FilterViewController.swift */ = {isa = PBXFileReference; fileEncoding = 4; lastKnownFileType = sourcecode.swift; path = FilterViewController.swift; sourceTree = "<group>"; };
		18AEE9281F01908200FD6D59 /* FavorieViewController.swift */ = {isa = PBXFileReference; fileEncoding = 4; lastKnownFileType = sourcecode.swift; path = FavorieViewController.swift; sourceTree = "<group>"; };
		18AEE92A1F0191CF00FD6D59 /* PrivilebCardController.swift */ = {isa = PBXFileReference; fileEncoding = 4; lastKnownFileType = sourcecode.swift; path = PrivilebCardController.swift; sourceTree = "<group>"; };
		18AEE92C1F0192D100FD6D59 /* NearbyController.swift */ = {isa = PBXFileReference; fileEncoding = 4; lastKnownFileType = sourcecode.swift; path = NearbyController.swift; sourceTree = "<group>"; };
		18EFFA3C1F017FC000A3F2FE /* RegisterViewController.swift */ = {isa = PBXFileReference; fileEncoding = 4; lastKnownFileType = sourcecode.swift; path = RegisterViewController.swift; sourceTree = "<group>"; };
		18EFFA3E1F01838D00A3F2FE /* LoginViewController.swift */ = {isa = PBXFileReference; fileEncoding = 4; lastKnownFileType = sourcecode.swift; path = LoginViewController.swift; sourceTree = "<group>"; };
		18EFFA411F01845800A3F2FE /* TPKeyboardAvoidingCollectionView.h */ = {isa = PBXFileReference; fileEncoding = 4; lastKnownFileType = sourcecode.c.h; path = TPKeyboardAvoidingCollectionView.h; sourceTree = "<group>"; };
		18EFFA421F01845800A3F2FE /* TPKeyboardAvoidingCollectionView.m */ = {isa = PBXFileReference; fileEncoding = 4; lastKnownFileType = sourcecode.c.objc; path = TPKeyboardAvoidingCollectionView.m; sourceTree = "<group>"; };
		18EFFA431F01845800A3F2FE /* TPKeyboardAvoidingScrollView.h */ = {isa = PBXFileReference; fileEncoding = 4; lastKnownFileType = sourcecode.c.h; path = TPKeyboardAvoidingScrollView.h; sourceTree = "<group>"; };
		18EFFA441F01845800A3F2FE /* TPKeyboardAvoidingScrollView.m */ = {isa = PBXFileReference; fileEncoding = 4; lastKnownFileType = sourcecode.c.objc; path = TPKeyboardAvoidingScrollView.m; sourceTree = "<group>"; };
		18EFFA451F01845800A3F2FE /* TPKeyboardAvoidingTableView.h */ = {isa = PBXFileReference; fileEncoding = 4; lastKnownFileType = sourcecode.c.h; path = TPKeyboardAvoidingTableView.h; sourceTree = "<group>"; };
		18EFFA461F01845800A3F2FE /* TPKeyboardAvoidingTableView.m */ = {isa = PBXFileReference; fileEncoding = 4; lastKnownFileType = sourcecode.c.objc; path = TPKeyboardAvoidingTableView.m; sourceTree = "<group>"; };
		18EFFA471F01845800A3F2FE /* UIScrollView+TPKeyboardAvoidingAdditions.h */ = {isa = PBXFileReference; fileEncoding = 4; lastKnownFileType = sourcecode.c.h; path = "UIScrollView+TPKeyboardAvoidingAdditions.h"; sourceTree = "<group>"; };
		18EFFA481F01845800A3F2FE /* UIScrollView+TPKeyboardAvoidingAdditions.m */ = {isa = PBXFileReference; fileEncoding = 4; lastKnownFileType = sourcecode.c.objc; path = "UIScrollView+TPKeyboardAvoidingAdditions.m"; sourceTree = "<group>"; };
		2545FE2DD577DF15D46D9C38 /* Pods-Privileb.debug.xcconfig */ = {isa = PBXFileReference; includeInIndex = 1; lastKnownFileType = text.xcconfig; name = "Pods-Privileb.debug.xcconfig"; path = "Pods/Target Support Files/Pods-Privileb/Pods-Privileb.debug.xcconfig"; sourceTree = "<group>"; };
		2C91EC238250A1D183DB900E /* Pods-OneSignalNotificationServiceExtension.debug.xcconfig */ = {isa = PBXFileReference; includeInIndex = 1; lastKnownFileType = text.xcconfig; name = "Pods-OneSignalNotificationServiceExtension.debug.xcconfig"; path = "Pods/Target Support Files/Pods-OneSignalNotificationServiceExtension/Pods-OneSignalNotificationServiceExtension.debug.xcconfig"; sourceTree = "<group>"; };
		54593A84749AD34AFBD73DBC /* Pods_Privileb.framework */ = {isa = PBXFileReference; explicitFileType = wrapper.framework; includeInIndex = 0; path = Pods_Privileb.framework; sourceTree = BUILT_PRODUCTS_DIR; };
		5B5871D61F56A83C00D660BF /* Alamofire.xcodeproj */ = {isa = PBXFileReference; lastKnownFileType = "wrapper.pb-project"; name = Alamofire.xcodeproj; path = Alamofire/Alamofire.xcodeproj; sourceTree = "<group>"; };
		5B5871F31F56A85B00D660BF /* Privileb.entitlements */ = {isa = PBXFileReference; lastKnownFileType = text.plist.entitlements; path = Privileb.entitlements; sourceTree = "<group>"; };
		5B5871F81F56A88400D660BF /* OneSignalNotificationServiceExtension.appex */ = {isa = PBXFileReference; explicitFileType = "wrapper.app-extension"; includeInIndex = 0; path = OneSignalNotificationServiceExtension.appex; sourceTree = BUILT_PRODUCTS_DIR; };
		5B5871FA1F56A88400D660BF /* NotificationService.swift */ = {isa = PBXFileReference; lastKnownFileType = sourcecode.swift; path = NotificationService.swift; sourceTree = "<group>"; };
		5B5871FC1F56A88400D660BF /* Info.plist */ = {isa = PBXFileReference; lastKnownFileType = text.plist.xml; path = Info.plist; sourceTree = "<group>"; };
		5BABD86F1F56EBDE007507A8 /* Pods_OneSignalNotificationServiceExtension.framework */ = {isa = PBXFileReference; lastKnownFileType = wrapper.framework; name = Pods_OneSignalNotificationServiceExtension.framework; path = "../../Library/Developer/Xcode/DerivedData/Privileb-eshzlwfcdoxrpbgiafksgbrgwzma/Build/Products/Debug-iphonesimulator/Pods_OneSignalNotificationServiceExtension.framework"; sourceTree = "<group>"; };
		DB48DFDBD821E2ED09FF89F6 /* Pods-OneSignalNotificationServiceExtension.release.xcconfig */ = {isa = PBXFileReference; includeInIndex = 1; lastKnownFileType = text.xcconfig; name = "Pods-OneSignalNotificationServiceExtension.release.xcconfig"; path = "Pods/Target Support Files/Pods-OneSignalNotificationServiceExtension/Pods-OneSignalNotificationServiceExtension.release.xcconfig"; sourceTree = "<group>"; };
		E6716C3786C45CB11613D4A4 /* Pods-Privileb.release.xcconfig */ = {isa = PBXFileReference; includeInIndex = 1; lastKnownFileType = text.xcconfig; name = "Pods-Privileb.release.xcconfig"; path = "Pods/Target Support Files/Pods-Privileb/Pods-Privileb.release.xcconfig"; sourceTree = "<group>"; };
/* End PBXFileReference section */

/* Begin PBXFrameworksBuildPhase section */
		1807C9681EF96D58003F554F /* Frameworks */ = {
			isa = PBXFrameworksBuildPhase;
			buildActionMask = 2147483647;
			files = (
				5B5871EF1F56A84800D660BF /* Alamofire.framework in Frameworks */,
				31CFA458D9F48E71AB1CAA61 /* Pods_Privileb.framework in Frameworks */,
			);
			runOnlyForDeploymentPostprocessing = 0;
		};
		5B5871F51F56A88400D660BF /* Frameworks */ = {
			isa = PBXFrameworksBuildPhase;
			buildActionMask = 2147483647;
			files = (
				2E24075E254219BA5A1CB83E /* Pods_OneSignalNotificationServiceExtension.framework in Frameworks */,
			);
			runOnlyForDeploymentPostprocessing = 0;
		};
/* End PBXFrameworksBuildPhase section */

/* Begin PBXGroup section */
		13963FFD1F28F4F200A90F8D /* Products */ = {
			isa = PBXGroup;
			children = (
				1396400C1F28F4F300A90F8D /* Kingfisher.framework */,
				1396400E1F28F4F300A90F8D /* Kingfisher.framework */,
				139640101F28F4F300A90F8D /* Kingfisher.framework */,
				139640121F28F4F300A90F8D /* Kingfisher.framework */,
				139640141F28F4F300A90F8D /* Kingfisher-Demo.app */,
				139640161F28F4F300A90F8D /* Kingfisher-tvOS-Demo.app */,
				139640181F28F4F300A90F8D /* Kingfisher-macOS-Demo.app */,
				1396401A1F28F4F300A90F8D /* Kingfisher-watchOS-Demo.app */,
				1396401C1F28F4F300A90F8D /* Kingfisher-watchOS-Demo Extension.appex */,
				1396401E1F28F4F300A90F8D /* KingfisherTests.xctest */,
				139640201F28F4F300A90F8D /* KingfisherTests-tvOS.xctest */,
				139640221F28F4F300A90F8D /* KingfisherTests-macOS.xctest */,
			);
			name = Products;
			sourceTree = "<group>";
		};
		1807C9621EF96D58003F554F = {
			isa = PBXGroup;
			children = (
				5B5871D61F56A83C00D660BF /* Alamofire.xcodeproj */,
				13963FFC1F28F4F200A90F8D /* Kingfisher.xcodeproj */,
				1807C9831EF96EE6003F554F /* Privileb-Bridging-Header.h */,
				1807C96D1EF96D5C003F554F /* Privileb */,
				5B5871F91F56A88400D660BF /* OneSignalNotificationServiceExtension */,
				1807C96C1EF96D5C003F554F /* Products */,
				70ECBF7BEEB1053413F5E496 /* Pods */,
				3450C4049D45F2A8126BC5E2 /* Frameworks */,
			);
			sourceTree = "<group>";
		};
		1807C96C1EF96D5C003F554F /* Products */ = {
			isa = PBXGroup;
			children = (
				1807C96B1EF96D5C003F554F /* Privileb.app */,
				5B5871F81F56A88400D660BF /* OneSignalNotificationServiceExtension.appex */,
			);
			name = Products;
			sourceTree = "<group>";
		};
		1807C96D1EF96D5C003F554F /* Privileb */ = {
			isa = PBXGroup;
			children = (
				5B5871F31F56A85B00D660BF /* Privileb.entitlements */,
				1807C9931EF9789B003F554F /* Models */,
				1807C9921EF9788E003F554F /* Utils */,
				1807C9911EF97888003F554F /* UI */,
				1807C9901EF9787B003F554F /* Controllers */,
				1807C98F1EF97873003F554F /* Components */,
				1807C9821EF96EC5003F554F /* Menu */,
				1807C96E1EF96D5C003F554F /* AppDelegate.swift */,
				1807C9741EF96D5D003F554F /* Main.storyboard */,
				1807C9771EF96D5D003F554F /* Assets.xcassets */,
				1807C9791EF96D5D003F554F /* LaunchScreen.storyboard */,
				1807C97C1EF96D5D003F554F /* Info.plist */,
			);
			path = Privileb;
			sourceTree = "<group>";
		};
		1807C9821EF96EC5003F554F /* Menu */ = {
			isa = PBXGroup;
			children = (
				1807C9841EF96EE7003F554F /* EmptySegue.h */,
				1807C9851EF96EE7003F554F /* EmptySegue.m */,
				1807C9861EF96EE7003F554F /* MSSlidingPanelController.h */,
				1807C9871EF96EE7003F554F /* MSSlidingPanelController.m */,
				1807C9881EF96EE7003F554F /* MSViewControllerSlidingPanel.h */,
				1807C9891EF96EE7003F554F /* MSViewControllerSlidingPanel.m */,
				1807C98A1EF96EE7003F554F /* BaseViewController.swift */,
			);
			name = Menu;
			sourceTree = "<group>";
		};
		1807C98F1EF97873003F554F /* Components */ = {
			isa = PBXGroup;
			children = (
				18EFFA401F01842D00A3F2FE /* TKView */,
				184BBB0F1EFAB3F200CAFE82 /* CustomTabBarController.swift */,
				1848D5F51EF9B0ED0052140C /* PagerController.swift */,
				180FB33C1F06C42200CBBB17 /* loaderMatirial.swift */,
				180E20B91F0262A400AA487D /* Extensions.swift */,
			);
			name = Components;
			sourceTree = "<group>";
		};
		1807C9901EF9787B003F554F /* Controllers */ = {
			isa = PBXGroup;
			children = (
				184BBB0D1EFAB3E600CAFE82 /* FeaturedDetailsViewController.swift */,
				184BBB151EFAB4C200CAFE82 /* SecondViewController.swift */,
				184BBB131EFAB4B200CAFE82 /* FirstViewController.swift */,
				1820440C1EF98FD400CDB3EF /* SignUpViewController.swift */,
				184BBB171EFAB4CA00CAFE82 /* CategoriesViewController.swift */,
				1848D5F81EF9B18F0052140C /* PrivilebViewController.swift */,
				1848D5FA1EF9B1AC0052140C /* PrivilebPagerViewController.swift */,
				1848D5FE1EF9B3410052140C /* AllDealsViewController.swift */,
				183472CC1EFB134E00309CE9 /* MenuViewController.swift */,
				18EFFA3C1F017FC000A3F2FE /* RegisterViewController.swift */,
				182C6E0D1F11240B00D9DBED /* BuyCardViewController.swift */,
				18EFFA3E1F01838D00A3F2FE /* LoginViewController.swift */,
				182C6E021F11227F00D9DBED /* QRScannerController.swift */,
				18AEE9261F018E4B00FD6D59 /* FilterViewController.swift */,
				182C6E0B1F11240400D9DBED /* PartnerViewController.swift */,
				18AEE9281F01908200FD6D59 /* FavorieViewController.swift */,
				18AEE92A1F0191CF00FD6D59 /* PrivilebCardController.swift */,
				18AEE92C1F0192D100FD6D59 /* NearbyController.swift */,
				189535291F01BC6C00E7D4C3 /* AECardPagerViewController.swift */,
				1895352B1F01BD5A00E7D4C3 /* ArabicViewController.swift */,
				1895352D1F01BD6600E7D4C3 /* EngilshViewController.swift */,
				180E20B31F025A1D00AA487D /* TermsPgerController.swift */,
				180E20B51F025AC800AA487D /* EnglishTermsViewController.swift */,
				180E20B71F025ADB00AA487D /* ArabicTermsViewController.swift */,
				182E590E1F04F61600EA49F9 /* SearchLocationViewController.swift */,
				181AC1361F0811E200487FB0 /* AboutPagerViewController.swift */,
				181AC13F1F08126500487FB0 /* ArabicAboutViewController.swift */,
				181AC1411F08128700487FB0 /* EnglishAboutViewController.swift */,
				183A213D1F0E982E00FCF960 /* SearchResultViewController.swift */,
				13AC3DA41F1657B1004A261A /* CHViewController.swift */,
			);
			name = Controllers;
			sourceTree = "<group>";
		};
		1807C9911EF97888003F554F /* UI */ = {
			isa = PBXGroup;
			children = (
				184BBB111EFAB48C00CAFE82 /* FeaturedTableViewCell.swift */,
				183472CA1EFB133800309CE9 /* MenuTableViewCell.swift */,
				189535251F01A32E00E7D4C3 /* FavoriteSimpleCell.swift */,
				183A21321F0E865000FCF960 /* BranchesDetailsCollectionViewCell.swift */,
				189535271F01B13300E7D4C3 /* CategoryCollectionViewCell.swift */,
				182E590A1F04EC0E00EA49F9 /* SearchTableViewCell.swift */,
				182E590C1F04F5B000EA49F9 /* SearchLocationTableViewCell.swift */,
				182E59101F05015200EA49F9 /* TagCollectionViewCell.swift */,
				18530E601F06ECF1000B5F35 /* CustomPointAnnotation.swift */,
				18530E6B1F06F7DA000B5F35 /* OfferMapView.xib */,
				18530E6D1F06F992000B5F35 /* OfferMapView.swift */,
				18184C621F0C329A004EA99C /* ImagesDetailsCollectionViewCell.swift */,
			);
			name = UI;
			sourceTree = "<group>";
		};
		1807C9921EF9788E003F554F /* Utils */ = {
			isa = PBXGroup;
			children = (
				18400E421F0414E8008F0811 /* GrayTextField.swift */,
				1848D6021EF9BC520052140C /* colorExtension.swift */,
			);
			name = Utils;
			sourceTree = "<group>";
		};
		1807C9931EF9789B003F554F /* Models */ = {
			isa = PBXGroup;
			children = (
				1832B4211F058D850072E3F0 /* branch.swift */,
				1832B4221F058D850072E3F0 /* card.swift */,
				1832B4231F058D850072E3F0 /* categoryy.swift */,
				1832B4241F058D850072E3F0 /* country.swift */,
				1832B4251F058D850072E3F0 /* district.swift */,
				1832B4261F058D850072E3F0 /* favourite.swift */,
				1832B4271F058D850072E3F0 /* offer_details.swift */,
				1832B4281F058D850072E3F0 /* offer.swift */,
				1832B4291F058D850072E3F0 /* payment_method.swift */,
				1832B42A1F058D850072E3F0 /* region.swift */,
				1832B42B1F058D850072E3F0 /* services_calls.swift */,
				1832B42C1F058D850072E3F0 /* static_page.swift */,
				1832B42D1F058D850072E3F0 /* sub_category.swift */,
				1832B42E1F058D850072E3F0 /* user.swift */,
				1828EE4B1F02F9CC0056A6FC /* Test.swift */,
				1863CF471F05AE2F00DE6140 /* CatDisplay.swift */,
				18263B901F0654510080929A /* postResponse.swift */,
				18530E691F06F50E000B5F35 /* OfferAnnotation.swift */,
				18530E6F1F06FB04000B5F35 /* OfferAnnotationView.swift */,
				183A213B1F0E917800FCF960 /* GalaryElement.swift */,
				13AC3D9C1F138D50004A261A /* Partner_offer.swift */,
				13AC3DA01F15263E004A261A /* Partner.swift */,
			);
			name = Models;
			sourceTree = "<group>";
		};
		18EFFA401F01842D00A3F2FE /* TKView */ = {
			isa = PBXGroup;
			children = (
				18EFFA411F01845800A3F2FE /* TPKeyboardAvoidingCollectionView.h */,
				18EFFA421F01845800A3F2FE /* TPKeyboardAvoidingCollectionView.m */,
				18EFFA431F01845800A3F2FE /* TPKeyboardAvoidingScrollView.h */,
				18EFFA441F01845800A3F2FE /* TPKeyboardAvoidingScrollView.m */,
				18EFFA451F01845800A3F2FE /* TPKeyboardAvoidingTableView.h */,
				18EFFA461F01845800A3F2FE /* TPKeyboardAvoidingTableView.m */,
				18EFFA471F01845800A3F2FE /* UIScrollView+TPKeyboardAvoidingAdditions.h */,
				18EFFA481F01845800A3F2FE /* UIScrollView+TPKeyboardAvoidingAdditions.m */,
			);
			name = TKView;
			sourceTree = "<group>";
		};
		3450C4049D45F2A8126BC5E2 /* Frameworks */ = {
			isa = PBXGroup;
			children = (
				5BABD86F1F56EBDE007507A8 /* Pods_OneSignalNotificationServiceExtension.framework */,
				0A9915DD68F3FB75F1C3CB6F /* Pods_OneSignalNotificationServiceExtension.framework */,
				54593A84749AD34AFBD73DBC /* Pods_Privileb.framework */,
			);
			name = Frameworks;
			sourceTree = "<group>";
		};
		5B5871D71F56A83C00D660BF /* Products */ = {
			isa = PBXGroup;
			children = (
				5B5871E21F56A83C00D660BF /* Alamofire.framework */,
				5B5871E41F56A83C00D660BF /* Alamofire iOS Tests.xctest */,
				5B5871E61F56A83C00D660BF /* Alamofire.framework */,
				5B5871E81F56A83C00D660BF /* Alamofire macOS Tests.xctest */,
				5B5871EA1F56A83C00D660BF /* Alamofire.framework */,
				5B5871EC1F56A83C00D660BF /* Alamofire tvOS Tests.xctest */,
				5B5871EE1F56A83C00D660BF /* Alamofire.framework */,
			);
			name = Products;
			sourceTree = "<group>";
		};
		5B5871F91F56A88400D660BF /* OneSignalNotificationServiceExtension */ = {
			isa = PBXGroup;
			children = (
				5B5871FA1F56A88400D660BF /* NotificationService.swift */,
				5B5871FC1F56A88400D660BF /* Info.plist */,
			);
			path = OneSignalNotificationServiceExtension;
			sourceTree = "<group>";
		};
		70ECBF7BEEB1053413F5E496 /* Pods */ = {
			isa = PBXGroup;
			children = (
				2C91EC238250A1D183DB900E /* Pods-OneSignalNotificationServiceExtension.debug.xcconfig */,
				DB48DFDBD821E2ED09FF89F6 /* Pods-OneSignalNotificationServiceExtension.release.xcconfig */,
				2545FE2DD577DF15D46D9C38 /* Pods-Privileb.debug.xcconfig */,
				E6716C3786C45CB11613D4A4 /* Pods-Privileb.release.xcconfig */,
			);
			name = Pods;
			sourceTree = "<group>";
		};
/* End PBXGroup section */

/* Begin PBXNativeTarget section */
		1807C96A1EF96D58003F554F /* Privileb */ = {
			isa = PBXNativeTarget;
			buildConfigurationList = 1807C97F1EF96D5D003F554F /* Build configuration list for PBXNativeTarget "Privileb" */;
			buildPhases = (
				D0FBC709F6073292E3676934 /* [CP] Check Pods Manifest.lock */,
				1807C9671EF96D58003F554F /* Sources */,
				1807C9681EF96D58003F554F /* Frameworks */,
				1807C9691EF96D58003F554F /* Resources */,
				1832B4201F058D660072E3F0 /* Embed Frameworks */,
				139640251F28F5A600A90F8D /* Copy Frameworks */,
				5B5872031F56A88400D660BF /* Embed App Extensions */,
			);
			buildRules = (
			);
			dependencies = (
				139640241F28F53A00A90F8D /* PBXTargetDependency */,
				5B5871F21F56A84800D660BF /* PBXTargetDependency */,
				5B5871FE1F56A88400D660BF /* PBXTargetDependency */,
			);
			name = Privileb;
			productName = Privileb;
			productReference = 1807C96B1EF96D5C003F554F /* Privileb.app */;
			productType = "com.apple.product-type.application";
		};
		5B5871F71F56A88400D660BF /* OneSignalNotificationServiceExtension */ = {
			isa = PBXNativeTarget;
			buildConfigurationList = 5B5872001F56A88400D660BF /* Build configuration list for PBXNativeTarget "OneSignalNotificationServiceExtension" */;
			buildPhases = (
				5661176234B0AC93A83E4CD0 /* [CP] Check Pods Manifest.lock */,
				5B5871F41F56A88400D660BF /* Sources */,
				5B5871F51F56A88400D660BF /* Frameworks */,
				5B5871F61F56A88400D660BF /* Resources */,
			);
			buildRules = (
			);
			dependencies = (
			);
			name = OneSignalNotificationServiceExtension;
			productName = OneSignalNotificationServiceExtension;
			productReference = 5B5871F81F56A88400D660BF /* OneSignalNotificationServiceExtension.appex */;
			productType = "com.apple.product-type.app-extension";
		};
/* End PBXNativeTarget section */

/* Begin PBXProject section */
		1807C9631EF96D58003F554F /* Project object */ = {
			isa = PBXProject;
			attributes = {
				LastSwiftUpdateCheck = 0820;
				LastUpgradeCheck = 0820;
				ORGANIZATIONNAME = omran;
				TargetAttributes = {
					1807C96A1EF96D58003F554F = {
						CreatedOnToolsVersion = 8.2.1;
						DevelopmentTeam = 8PJZ4YX77Q;
						LastSwiftMigration = 0820;
						ProvisioningStyle = Manual;
						SystemCapabilities = {
							com.apple.BackgroundModes = {
								enabled = 1;
							};
							com.apple.Push = {
								enabled = 1;
							};
						};
					};
					5B5871F71F56A88400D660BF = {
						CreatedOnToolsVersion = 8.2.1;
						DevelopmentTeam = 8PJZ4YX77Q;
						ProvisioningStyle = Manual;
					};
				};
			};
			buildConfigurationList = 1807C9661EF96D58003F554F /* Build configuration list for PBXProject "Privileb" */;
			compatibilityVersion = "Xcode 3.2";
			developmentRegion = English;
			hasScannedForEncodings = 0;
			knownRegions = (
				English,
				en,
				Base,
			);
			mainGroup = 1807C9621EF96D58003F554F;
			productRefGroup = 1807C96C1EF96D5C003F554F /* Products */;
			projectDirPath = "";
			projectReferences = (
				{
					ProductGroup = 5B5871D71F56A83C00D660BF /* Products */;
					ProjectRef = 5B5871D61F56A83C00D660BF /* Alamofire.xcodeproj */;
				},
				{
					ProductGroup = 13963FFD1F28F4F200A90F8D /* Products */;
					ProjectRef = 13963FFC1F28F4F200A90F8D /* Kingfisher.xcodeproj */;
				},
			);
			projectRoot = "";
			targets = (
				1807C96A1EF96D58003F554F /* Privileb */,
				5B5871F71F56A88400D660BF /* OneSignalNotificationServiceExtension */,
			);
		};
/* End PBXProject section */

/* Begin PBXReferenceProxy section */
		1396400C1F28F4F300A90F8D /* Kingfisher.framework */ = {
			isa = PBXReferenceProxy;
			fileType = wrapper.framework;
			path = Kingfisher.framework;
			remoteRef = 1396400B1F28F4F300A90F8D /* PBXContainerItemProxy */;
			sourceTree = BUILT_PRODUCTS_DIR;
		};
		1396400E1F28F4F300A90F8D /* Kingfisher.framework */ = {
			isa = PBXReferenceProxy;
			fileType = wrapper.framework;
			path = Kingfisher.framework;
			remoteRef = 1396400D1F28F4F300A90F8D /* PBXContainerItemProxy */;
			sourceTree = BUILT_PRODUCTS_DIR;
		};
		139640101F28F4F300A90F8D /* Kingfisher.framework */ = {
			isa = PBXReferenceProxy;
			fileType = wrapper.framework;
			path = Kingfisher.framework;
			remoteRef = 1396400F1F28F4F300A90F8D /* PBXContainerItemProxy */;
			sourceTree = BUILT_PRODUCTS_DIR;
		};
		139640121F28F4F300A90F8D /* Kingfisher.framework */ = {
			isa = PBXReferenceProxy;
			fileType = wrapper.framework;
			path = Kingfisher.framework;
			remoteRef = 139640111F28F4F300A90F8D /* PBXContainerItemProxy */;
			sourceTree = BUILT_PRODUCTS_DIR;
		};
		139640141F28F4F300A90F8D /* Kingfisher-Demo.app */ = {
			isa = PBXReferenceProxy;
			fileType = wrapper.application;
			path = "Kingfisher-Demo.app";
			remoteRef = 139640131F28F4F300A90F8D /* PBXContainerItemProxy */;
			sourceTree = BUILT_PRODUCTS_DIR;
		};
		139640161F28F4F300A90F8D /* Kingfisher-tvOS-Demo.app */ = {
			isa = PBXReferenceProxy;
			fileType = wrapper.application;
			path = "Kingfisher-tvOS-Demo.app";
			remoteRef = 139640151F28F4F300A90F8D /* PBXContainerItemProxy */;
			sourceTree = BUILT_PRODUCTS_DIR;
		};
		139640181F28F4F300A90F8D /* Kingfisher-macOS-Demo.app */ = {
			isa = PBXReferenceProxy;
			fileType = wrapper.application;
			path = "Kingfisher-macOS-Demo.app";
			remoteRef = 139640171F28F4F300A90F8D /* PBXContainerItemProxy */;
			sourceTree = BUILT_PRODUCTS_DIR;
		};
		1396401A1F28F4F300A90F8D /* Kingfisher-watchOS-Demo.app */ = {
			isa = PBXReferenceProxy;
			fileType = wrapper.application;
			path = "Kingfisher-watchOS-Demo.app";
			remoteRef = 139640191F28F4F300A90F8D /* PBXContainerItemProxy */;
			sourceTree = BUILT_PRODUCTS_DIR;
		};
		1396401C1F28F4F300A90F8D /* Kingfisher-watchOS-Demo Extension.appex */ = {
			isa = PBXReferenceProxy;
			fileType = "wrapper.app-extension";
			path = "Kingfisher-watchOS-Demo Extension.appex";
			remoteRef = 1396401B1F28F4F300A90F8D /* PBXContainerItemProxy */;
			sourceTree = BUILT_PRODUCTS_DIR;
		};
		1396401E1F28F4F300A90F8D /* KingfisherTests.xctest */ = {
			isa = PBXReferenceProxy;
			fileType = wrapper.cfbundle;
			path = KingfisherTests.xctest;
			remoteRef = 1396401D1F28F4F300A90F8D /* PBXContainerItemProxy */;
			sourceTree = BUILT_PRODUCTS_DIR;
		};
		139640201F28F4F300A90F8D /* KingfisherTests-tvOS.xctest */ = {
			isa = PBXReferenceProxy;
			fileType = wrapper.cfbundle;
			path = "KingfisherTests-tvOS.xctest";
			remoteRef = 1396401F1F28F4F300A90F8D /* PBXContainerItemProxy */;
			sourceTree = BUILT_PRODUCTS_DIR;
		};
		139640221F28F4F300A90F8D /* KingfisherTests-macOS.xctest */ = {
			isa = PBXReferenceProxy;
			fileType = wrapper.cfbundle;
			path = "KingfisherTests-macOS.xctest";
			remoteRef = 139640211F28F4F300A90F8D /* PBXContainerItemProxy */;
			sourceTree = BUILT_PRODUCTS_DIR;
		};
		5B5871E21F56A83C00D660BF /* Alamofire.framework */ = {
			isa = PBXReferenceProxy;
			fileType = wrapper.framework;
			path = Alamofire.framework;
			remoteRef = 5B5871E11F56A83C00D660BF /* PBXContainerItemProxy */;
			sourceTree = BUILT_PRODUCTS_DIR;
		};
		5B5871E41F56A83C00D660BF /* Alamofire iOS Tests.xctest */ = {
			isa = PBXReferenceProxy;
			fileType = wrapper.cfbundle;
			path = "Alamofire iOS Tests.xctest";
			remoteRef = 5B5871E31F56A83C00D660BF /* PBXContainerItemProxy */;
			sourceTree = BUILT_PRODUCTS_DIR;
		};
		5B5871E61F56A83C00D660BF /* Alamofire.framework */ = {
			isa = PBXReferenceProxy;
			fileType = wrapper.framework;
			path = Alamofire.framework;
			remoteRef = 5B5871E51F56A83C00D660BF /* PBXContainerItemProxy */;
			sourceTree = BUILT_PRODUCTS_DIR;
		};
		5B5871E81F56A83C00D660BF /* Alamofire macOS Tests.xctest */ = {
			isa = PBXReferenceProxy;
			fileType = wrapper.cfbundle;
			path = "Alamofire macOS Tests.xctest";
			remoteRef = 5B5871E71F56A83C00D660BF /* PBXContainerItemProxy */;
			sourceTree = BUILT_PRODUCTS_DIR;
		};
		5B5871EA1F56A83C00D660BF /* Alamofire.framework */ = {
			isa = PBXReferenceProxy;
			fileType = wrapper.framework;
			path = Alamofire.framework;
			remoteRef = 5B5871E91F56A83C00D660BF /* PBXContainerItemProxy */;
			sourceTree = BUILT_PRODUCTS_DIR;
		};
		5B5871EC1F56A83C00D660BF /* Alamofire tvOS Tests.xctest */ = {
			isa = PBXReferenceProxy;
			fileType = wrapper.cfbundle;
			path = "Alamofire tvOS Tests.xctest";
			remoteRef = 5B5871EB1F56A83C00D660BF /* PBXContainerItemProxy */;
			sourceTree = BUILT_PRODUCTS_DIR;
		};
		5B5871EE1F56A83C00D660BF /* Alamofire.framework */ = {
			isa = PBXReferenceProxy;
			fileType = wrapper.framework;
			path = Alamofire.framework;
			remoteRef = 5B5871ED1F56A83C00D660BF /* PBXContainerItemProxy */;
			sourceTree = BUILT_PRODUCTS_DIR;
		};
/* End PBXReferenceProxy section */

/* Begin PBXResourcesBuildPhase section */
		1807C9691EF96D58003F554F /* Resources */ = {
			isa = PBXResourcesBuildPhase;
			buildActionMask = 2147483647;
			files = (
				18530E6C1F06F7DA000B5F35 /* OfferMapView.xib in Resources */,
				1807C97B1EF96D5D003F554F /* LaunchScreen.storyboard in Resources */,
				1807C9781EF96D5D003F554F /* Assets.xcassets in Resources */,
				1807C9761EF96D5D003F554F /* Main.storyboard in Resources */,
			);
			runOnlyForDeploymentPostprocessing = 0;
		};
		5B5871F61F56A88400D660BF /* Resources */ = {
			isa = PBXResourcesBuildPhase;
			buildActionMask = 2147483647;
			files = (
			);
			runOnlyForDeploymentPostprocessing = 0;
		};
/* End PBXResourcesBuildPhase section */

/* Begin PBXShellScriptBuildPhase section */
		5661176234B0AC93A83E4CD0 /* [CP] Check Pods Manifest.lock */ = {
			isa = PBXShellScriptBuildPhase;
			buildActionMask = 2147483647;
			files = (
			);
			inputPaths = (
				"${PODS_PODFILE_DIR_PATH}/Podfile.lock",
				"${PODS_ROOT}/Manifest.lock",
			);
			name = "[CP] Check Pods Manifest.lock";
			outputPaths = (
				"$(DERIVED_FILE_DIR)/Pods-OneSignalNotificationServiceExtension-checkManifestLockResult.txt",
			);
			runOnlyForDeploymentPostprocessing = 0;
			shellPath = /bin/sh;
			shellScript = "diff \"${PODS_PODFILE_DIR_PATH}/Podfile.lock\" \"${PODS_ROOT}/Manifest.lock\" > /dev/null\nif [ $? != 0 ] ; then\n    # print error to STDERR\n    echo \"error: The sandbox is not in sync with the Podfile.lock. Run 'pod install' or update your CocoaPods installation.\" >&2\n    exit 1\nfi\n# This output is used by Xcode 'outputs' to avoid re-running this script phase.\necho \"SUCCESS\" > \"${SCRIPT_OUTPUT_FILE_0}\"\n";
			showEnvVarsInLog = 0;
		};
		D0FBC709F6073292E3676934 /* [CP] Check Pods Manifest.lock */ = {
			isa = PBXShellScriptBuildPhase;
			buildActionMask = 2147483647;
			files = (
			);
			inputPaths = (
				"${PODS_PODFILE_DIR_PATH}/Podfile.lock",
				"${PODS_ROOT}/Manifest.lock",
			);
			name = "[CP] Check Pods Manifest.lock";
			outputPaths = (
				"$(DERIVED_FILE_DIR)/Pods-Privileb-checkManifestLockResult.txt",
			);
			runOnlyForDeploymentPostprocessing = 0;
			shellPath = /bin/sh;
			shellScript = "diff \"${PODS_PODFILE_DIR_PATH}/Podfile.lock\" \"${PODS_ROOT}/Manifest.lock\" > /dev/null\nif [ $? != 0 ] ; then\n    # print error to STDERR\n    echo \"error: The sandbox is not in sync with the Podfile.lock. Run 'pod install' or update your CocoaPods installation.\" >&2\n    exit 1\nfi\n# This output is used by Xcode 'outputs' to avoid re-running this script phase.\necho \"SUCCESS\" > \"${SCRIPT_OUTPUT_FILE_0}\"\n";
			showEnvVarsInLog = 0;
		};
/* End PBXShellScriptBuildPhase section */

/* Begin PBXSourcesBuildPhase section */
		1807C9671EF96D58003F554F /* Sources */ = {
			isa = PBXSourcesBuildPhase;
			buildActionMask = 2147483647;
			files = (
				1832B4361F058D850072E3F0 /* offer.swift in Sources */,
				1848D5F61EF9B0ED0052140C /* PagerController.swift in Sources */,
				18EFFA4B1F01845800A3F2FE /* TPKeyboardAvoidingTableView.m in Sources */,
				184BBB161EFAB4C200CAFE82 /* SecondViewController.swift in Sources */,
				1832B4341F058D850072E3F0 /* favourite.swift in Sources */,
				18EFFA4C1F01845800A3F2FE /* UIScrollView+TPKeyboardAvoidingAdditions.m in Sources */,
				184BBB101EFAB3F200CAFE82 /* CustomTabBarController.swift in Sources */,
				1832B4371F058D850072E3F0 /* payment_method.swift in Sources */,
				1832B43B1F058D850072E3F0 /* sub_category.swift in Sources */,
				1895352E1F01BD6600E7D4C3 /* EngilshViewController.swift in Sources */,
				181AC1421F08128700487FB0 /* EnglishAboutViewController.swift in Sources */,
				13AC3D9D1F138D50004A261A /* Partner_offer.swift in Sources */,
				1832B4391F058D850072E3F0 /* services_calls.swift in Sources */,
				1807C98D1EF96EE7003F554F /* MSViewControllerSlidingPanel.m in Sources */,
				18530E611F06ECF1000B5F35 /* CustomPointAnnotation.swift in Sources */,
				180E20BA1F0262A400AA487D /* Extensions.swift in Sources */,
				183A213C1F0E917800FCF960 /* GalaryElement.swift in Sources */,
				1895352C1F01BD5A00E7D4C3 /* ArabicViewController.swift in Sources */,
				181AC1401F08126500487FB0 /* ArabicAboutViewController.swift in Sources */,
				1807C98C1EF96EE7003F554F /* MSSlidingPanelController.m in Sources */,
				18530E6A1F06F50E000B5F35 /* OfferAnnotation.swift in Sources */,
				1832B4381F058D850072E3F0 /* region.swift in Sources */,
				182E590D1F04F5B000EA49F9 /* SearchLocationTableViewCell.swift in Sources */,
				18530E701F06FB04000B5F35 /* OfferAnnotationView.swift in Sources */,
				1832B4331F058D850072E3F0 /* district.swift in Sources */,
				1863CF481F05AE2F00DE6140 /* CatDisplay.swift in Sources */,
				18400E431F0414E8008F0811 /* GrayTextField.swift in Sources */,
				1832B4321F058D850072E3F0 /* country.swift in Sources */,
				1848D5FB1EF9B1AC0052140C /* PrivilebPagerViewController.swift in Sources */,
				18530E6E1F06F992000B5F35 /* OfferMapView.swift in Sources */,
				1895352A1F01BC6C00E7D4C3 /* AECardPagerViewController.swift in Sources */,
				1820440D1EF98FD400CDB3EF /* SignUpViewController.swift in Sources */,
				1832B4351F058D850072E3F0 /* offer_details.swift in Sources */,
				182E590F1F04F61600EA49F9 /* SearchLocationViewController.swift in Sources */,
				1832B43A1F058D850072E3F0 /* static_page.swift in Sources */,
				189535261F01A32E00E7D4C3 /* FavoriteSimpleCell.swift in Sources */,
				1848D5FF1EF9B3410052140C /* AllDealsViewController.swift in Sources */,
				18AEE92D1F0192D100FD6D59 /* NearbyController.swift in Sources */,
				18EFFA4A1F01845800A3F2FE /* TPKeyboardAvoidingScrollView.m in Sources */,
				13AC3DA11F15263E004A261A /* Partner.swift in Sources */,
				18EFFA3D1F017FC000A3F2FE /* RegisterViewController.swift in Sources */,
				182E59111F05015200EA49F9 /* TagCollectionViewCell.swift in Sources */,
				180FB33D1F06C42200CBBB17 /* loaderMatirial.swift in Sources */,
				13AC3DA51F1657B2004A261A /* CHViewController.swift in Sources */,
				1832B4311F058D850072E3F0 /* categoryy.swift in Sources */,
				18EFFA491F01845800A3F2FE /* TPKeyboardAvoidingCollectionView.m in Sources */,
				1832B43C1F058D850072E3F0 /* user.swift in Sources */,
				1832B42F1F058D850072E3F0 /* branch.swift in Sources */,
				18EFFA3F1F01838D00A3F2FE /* LoginViewController.swift in Sources */,
				183A213E1F0E982F00FCF960 /* SearchResultViewController.swift in Sources */,
				182C6E0E1F11240B00D9DBED /* BuyCardViewController.swift in Sources */,
				18263B911F0654510080929A /* postResponse.swift in Sources */,
				182E590B1F04EC0E00EA49F9 /* SearchTableViewCell.swift in Sources */,
				184BBB121EFAB48C00CAFE82 /* FeaturedTableViewCell.swift in Sources */,
				189535281F01B13300E7D4C3 /* CategoryCollectionViewCell.swift in Sources */,
				184BBB181EFAB4CA00CAFE82 /* CategoriesViewController.swift in Sources */,
				183472CD1EFB134E00309CE9 /* MenuViewController.swift in Sources */,
				1848D5F91EF9B18F0052140C /* PrivilebViewController.swift in Sources */,
				182C6E031F11227F00D9DBED /* QRScannerController.swift in Sources */,
				183472CB1EFB133800309CE9 /* MenuTableViewCell.swift in Sources */,
				1848D6031EF9BC520052140C /* colorExtension.swift in Sources */,
				1832B4301F058D850072E3F0 /* card.swift in Sources */,
				180E20B61F025AC800AA487D /* EnglishTermsViewController.swift in Sources */,
				18AEE9271F018E4B00FD6D59 /* FilterViewController.swift in Sources */,
				184BBB141EFAB4B200CAFE82 /* FirstViewController.swift in Sources */,
				181AC1371F0811E200487FB0 /* AboutPagerViewController.swift in Sources */,
				18AEE92B1F0191CF00FD6D59 /* PrivilebCardController.swift in Sources */,
				1807C96F1EF96D5C003F554F /* AppDelegate.swift in Sources */,
				1828EE4C1F02F9CC0056A6FC /* Test.swift in Sources */,
				1807C98E1EF96EE7003F554F /* BaseViewController.swift in Sources */,
				180E20B41F025A1D00AA487D /* TermsPgerController.swift in Sources */,
				180E20B81F025ADB00AA487D /* ArabicTermsViewController.swift in Sources */,
				18AEE9291F01908200FD6D59 /* FavorieViewController.swift in Sources */,
				18184C631F0C329A004EA99C /* ImagesDetailsCollectionViewCell.swift in Sources */,
				184BBB0E1EFAB3E600CAFE82 /* FeaturedDetailsViewController.swift in Sources */,
				182C6E0C1F11240400D9DBED /* PartnerViewController.swift in Sources */,
				1807C98B1EF96EE7003F554F /* EmptySegue.m in Sources */,
				183A21331F0E865000FCF960 /* BranchesDetailsCollectionViewCell.swift in Sources */,
			);
			runOnlyForDeploymentPostprocessing = 0;
		};
		5B5871F41F56A88400D660BF /* Sources */ = {
			isa = PBXSourcesBuildPhase;
			buildActionMask = 2147483647;
			files = (
				5B5871FB1F56A88400D660BF /* NotificationService.swift in Sources */,
			);
			runOnlyForDeploymentPostprocessing = 0;
		};
/* End PBXSourcesBuildPhase section */

/* Begin PBXTargetDependency section */
		139640241F28F53A00A90F8D /* PBXTargetDependency */ = {
			isa = PBXTargetDependency;
			name = "Kingfisher-iOS";
			targetProxy = 139640231F28F53A00A90F8D /* PBXContainerItemProxy */;
		};
		5B5871F21F56A84800D660BF /* PBXTargetDependency */ = {
			isa = PBXTargetDependency;
			name = "Alamofire iOS";
			targetProxy = 5B5871F11F56A84800D660BF /* PBXContainerItemProxy */;
		};
		5B5871FE1F56A88400D660BF /* PBXTargetDependency */ = {
			isa = PBXTargetDependency;
			target = 5B5871F71F56A88400D660BF /* OneSignalNotificationServiceExtension */;
			targetProxy = 5B5871FD1F56A88400D660BF /* PBXContainerItemProxy */;
		};
/* End PBXTargetDependency section */

/* Begin PBXVariantGroup section */
		1807C9741EF96D5D003F554F /* Main.storyboard */ = {
			isa = PBXVariantGroup;
			children = (
				1807C9751EF96D5D003F554F /* Base */,
			);
			name = Main.storyboard;
			sourceTree = "<group>";
		};
		1807C9791EF96D5D003F554F /* LaunchScreen.storyboard */ = {
			isa = PBXVariantGroup;
			children = (
				1807C97A1EF96D5D003F554F /* Base */,
			);
			name = LaunchScreen.storyboard;
			sourceTree = "<group>";
		};
/* End PBXVariantGroup section */

/* Begin XCBuildConfiguration section */
		1807C97D1EF96D5D003F554F /* Debug */ = {
			isa = XCBuildConfiguration;
			buildSettings = {
				ALWAYS_SEARCH_USER_PATHS = NO;
				CLANG_ANALYZER_NONNULL = YES;
				CLANG_CXX_LANGUAGE_STANDARD = "gnu++0x";
				CLANG_CXX_LIBRARY = "libc++";
				CLANG_ENABLE_MODULES = YES;
				CLANG_ENABLE_OBJC_ARC = YES;
				CLANG_WARN_BOOL_CONVERSION = YES;
				CLANG_WARN_CONSTANT_CONVERSION = YES;
				CLANG_WARN_DIRECT_OBJC_ISA_USAGE = YES_ERROR;
				CLANG_WARN_DOCUMENTATION_COMMENTS = YES;
				CLANG_WARN_EMPTY_BODY = YES;
				CLANG_WARN_ENUM_CONVERSION = YES;
				CLANG_WARN_INFINITE_RECURSION = YES;
				CLANG_WARN_INT_CONVERSION = YES;
				CLANG_WARN_OBJC_ROOT_CLASS = YES_ERROR;
				CLANG_WARN_SUSPICIOUS_MOVE = YES;
				CLANG_WARN_UNREACHABLE_CODE = YES;
				CLANG_WARN__DUPLICATE_METHOD_MATCH = YES;
				"CODE_SIGN_IDENTITY[sdk=iphoneos*]" = "iPhone Developer";
				COPY_PHASE_STRIP = NO;
				DEBUG_INFORMATION_FORMAT = dwarf;
				ENABLE_STRICT_OBJC_MSGSEND = YES;
				ENABLE_TESTABILITY = YES;
				GCC_C_LANGUAGE_STANDARD = gnu99;
				GCC_DYNAMIC_NO_PIC = NO;
				GCC_NO_COMMON_BLOCKS = YES;
				GCC_OPTIMIZATION_LEVEL = 0;
				GCC_PREPROCESSOR_DEFINITIONS = (
					"DEBUG=1",
					"$(inherited)",
				);
				GCC_WARN_64_TO_32_BIT_CONVERSION = YES;
				GCC_WARN_ABOUT_RETURN_TYPE = YES_ERROR;
				GCC_WARN_UNDECLARED_SELECTOR = YES;
				GCC_WARN_UNINITIALIZED_AUTOS = YES_AGGRESSIVE;
				GCC_WARN_UNUSED_FUNCTION = YES;
				GCC_WARN_UNUSED_VARIABLE = YES;
				IPHONEOS_DEPLOYMENT_TARGET = 10.2;
				MTL_ENABLE_DEBUG_INFO = YES;
				ONLY_ACTIVE_ARCH = YES;
				SDKROOT = iphoneos;
				SWIFT_ACTIVE_COMPILATION_CONDITIONS = DEBUG;
				SWIFT_OPTIMIZATION_LEVEL = "-Onone";
				TARGETED_DEVICE_FAMILY = "1,2";
			};
			name = Debug;
		};
		1807C97E1EF96D5D003F554F /* Release */ = {
			isa = XCBuildConfiguration;
			buildSettings = {
				ALWAYS_SEARCH_USER_PATHS = NO;
				CLANG_ANALYZER_NONNULL = YES;
				CLANG_CXX_LANGUAGE_STANDARD = "gnu++0x";
				CLANG_CXX_LIBRARY = "libc++";
				CLANG_ENABLE_MODULES = YES;
				CLANG_ENABLE_OBJC_ARC = YES;
				CLANG_WARN_BOOL_CONVERSION = YES;
				CLANG_WARN_CONSTANT_CONVERSION = YES;
				CLANG_WARN_DIRECT_OBJC_ISA_USAGE = YES_ERROR;
				CLANG_WARN_DOCUMENTATION_COMMENTS = YES;
				CLANG_WARN_EMPTY_BODY = YES;
				CLANG_WARN_ENUM_CONVERSION = YES;
				CLANG_WARN_INFINITE_RECURSION = YES;
				CLANG_WARN_INT_CONVERSION = YES;
				CLANG_WARN_OBJC_ROOT_CLASS = YES_ERROR;
				CLANG_WARN_SUSPICIOUS_MOVE = YES;
				CLANG_WARN_UNREACHABLE_CODE = YES;
				CLANG_WARN__DUPLICATE_METHOD_MATCH = YES;
				"CODE_SIGN_IDENTITY[sdk=iphoneos*]" = "iPhone Developer";
				COPY_PHASE_STRIP = NO;
				DEBUG_INFORMATION_FORMAT = "dwarf-with-dsym";
				ENABLE_NS_ASSERTIONS = NO;
				ENABLE_STRICT_OBJC_MSGSEND = YES;
				GCC_C_LANGUAGE_STANDARD = gnu99;
				GCC_NO_COMMON_BLOCKS = YES;
				GCC_WARN_64_TO_32_BIT_CONVERSION = YES;
				GCC_WARN_ABOUT_RETURN_TYPE = YES_ERROR;
				GCC_WARN_UNDECLARED_SELECTOR = YES;
				GCC_WARN_UNINITIALIZED_AUTOS = YES_AGGRESSIVE;
				GCC_WARN_UNUSED_FUNCTION = YES;
				GCC_WARN_UNUSED_VARIABLE = YES;
				IPHONEOS_DEPLOYMENT_TARGET = 10.2;
				MTL_ENABLE_DEBUG_INFO = NO;
				diff --git a/Privileb.xcodeproj/project.pbxproj b/Privileb.xcodeproj/project.pbxproj
                index a86e22df0461e35b519ffd8aeb4be8513c7b290c..f9f7b71e3bfd264b8279f18aa7b0adec131ac452 100755
                --- a/Privileb.xcodeproj/project.pbxproj
                +++ b/Privileb.xcodeproj/project.pbxproj
                @@ -1185,114 +1185,114 @@
                 				SDKROOT = iphoneos;
                 				SWIFT_OPTIMIZATION_LEVEL = "-Owholemodule";
                 				TARGETED_DEVICE_FAMILY = "1,2";
                 				VALIDATE_PRODUCT = YES;
                 			};
                 			name = Release;
                 		};
                 		1807C9801EF96D5D003F554F /* Debug */ = {
                 			isa = XCBuildConfiguration;
                 			baseConfigurationReference = 2545FE2DD577DF15D46D9C38 /* Pods-Privileb.debug.xcconfig */;
                 			buildSettings = {
                 				ALWAYS_EMBED_SWIFT_STANDARD_LIBRARIES = YES;
                 				ASSETCATALOG_COMPILER_APPICON_NAME = "AppIcon-2";
                 				ASSETCATALOG_COMPILER_LAUNCHIMAGE_NAME = LaunchImage;
                 				CLANG_ENABLE_MODULES = YES;
                 				CODE_SIGN_ENTITLEMENTS = Privileb/Privileb.entitlements;
                 				CODE_SIGN_IDENTITY = "Apple Development";
                 				"CODE_SIGN_IDENTITY[sdk=iphoneos*]" = "Apple Development";
                 				CODE_SIGN_STYLE = Manual;
                 				CURRENT_PROJECT_VERSION = 1;
                 				DEVELOPMENT_TEAM = 8PJZ4YX77Q;
                 				INFOPLIST_FILE = Privileb/Info.plist;
                 				IPHONEOS_DEPLOYMENT_TARGET = 9.0;
                 				LD_RUNPATH_SEARCH_PATHS = "$(inherited) @executable_path/Frameworks";
                 				MARKETING_VERSION = 1.0;
                -				PRODUCT_BUNDLE_IDENTIFIER = com.privileb.cw.card;
                +				PRODUCT_BUNDLE_IDENTIFIER = com.eventus.privileb;
                 				PRODUCT_NAME = "$(TARGET_NAME)";
                 				PROVISIONING_PROFILE_SPECIFIER = PrivilebDev;
                 				SWIFT_OBJC_BRIDGING_HEADER = "Privileb/Privileb-Bridging-Header.h";
                 				SWIFT_OPTIMIZATION_LEVEL = "-Onone";
                 				SWIFT_VERSION = 4.0;
                 				TARGETED_DEVICE_FAMILY = 1;
                 			};
                 			name = Debug;
                 		};
                 		1807C9811EF96D5D003F554F /* Release */ = {
                 			isa = XCBuildConfiguration;
                 			baseConfigurationReference = E6716C3786C45CB11613D4A4 /* Pods-Privileb.release.xcconfig */;
                 			buildSettings = {
                 				ALWAYS_EMBED_SWIFT_STANDARD_LIBRARIES = YES;
                 				ASSETCATALOG_COMPILER_APPICON_NAME = "AppIcon-2";
                 				ASSETCATALOG_COMPILER_LAUNCHIMAGE_NAME = LaunchImage;
                 				CLANG_ENABLE_MODULES = YES;
                 				CODE_SIGN_ENTITLEMENTS = Privileb/Privileb.entitlements;
                 				CODE_SIGN_IDENTITY = "Apple Distribution";
                 				"CODE_SIGN_IDENTITY[sdk=iphoneos*]" = "Apple Distribution";
                 				CODE_SIGN_STYLE = Manual;
                 				CURRENT_PROJECT_VERSION = 1;
                 				DEVELOPMENT_TEAM = 8PJZ4YX77Q;
                 				INFOPLIST_FILE = Privileb/Info.plist;
                 				IPHONEOS_DEPLOYMENT_TARGET = 9.0;
                 				LD_RUNPATH_SEARCH_PATHS = "$(inherited) @executable_path/Frameworks";
                 				MARKETING_VERSION = 1.0;
                -				PRODUCT_BUNDLE_IDENTIFIER = com.privileb.cw.card;
                +				PRODUCT_BUNDLE_IDENTIFIER = com.eventus.privileb;
                 				PRODUCT_NAME = "$(TARGET_NAME)";
                 				PROVISIONING_PROFILE_SPECIFIER = PrivilebDist;
                 				SWIFT_OBJC_BRIDGING_HEADER = "Privileb/Privileb-Bridging-Header.h";
                 				SWIFT_VERSION = 4.0;
                 				TARGETED_DEVICE_FAMILY = 1;
                 			};
                 			name = Release;
                 		};
                 		5B5872011F56A88400D660BF /* Debug */ = {
                 			isa = XCBuildConfiguration;
                 			baseConfigurationReference = 2C91EC238250A1D183DB900E /* Pods-OneSignalNotificationServiceExtension.debug.xcconfig */;
                 			buildSettings = {
                 				CODE_SIGN_STYLE = Manual;
                 				DEVELOPMENT_TEAM = 8PJZ4YX77Q;
                 				INFOPLIST_FILE = OneSignalNotificationServiceExtension/Info.plist;
                 				LD_RUNPATH_SEARCH_PATHS = "$(inherited) @executable_path/Frameworks @executable_path/../../Frameworks";
                -				PRODUCT_BUNDLE_IDENTIFIER = com.privileb.cw.card.OneSignalNotificationServiceExtension;
                +				PRODUCT_BUNDLE_IDENTIFIER = com.eventus.privileb.OneSignalNotificationServiceExtension;
                 				PRODUCT_NAME = "$(TARGET_NAME)";
                 				PROVISIONING_PROFILE_SPECIFIER = OneSignalNotificationsDev;
                 				SKIP_INSTALL = YES;
                 				SWIFT_VERSION = 4.0;
                 			};
                 			name = Debug;
                 		};
                 		5B5872021F56A88400D660BF /* Release */ = {
                 			isa = XCBuildConfiguration;
                 			baseConfigurationReference = DB48DFDBD821E2ED09FF89F6 /* Pods-OneSignalNotificationServiceExtension.release.xcconfig */;
                 			buildSettings = {
                 				CODE_SIGN_IDENTITY = "Apple Distribution";
                 				"CODE_SIGN_IDENTITY[sdk=iphoneos*]" = "Apple Distribution";
                 				CODE_SIGN_STYLE = Manual;
                 				DEVELOPMENT_TEAM = 8PJZ4YX77Q;
                 				INFOPLIST_FILE = OneSignalNotificationServiceExtension/Info.plist;
                 				LD_RUNPATH_SEARCH_PATHS = "$(inherited) @executable_path/Frameworks @executable_path/../../Frameworks";
                -				PRODUCT_BUNDLE_IDENTIFIER = com.privileb.cw.card.OneSignalNotificationServiceExtension;
                +				PRODUCT_BUNDLE_IDENTIFIER = com.eventus.privileb.OneSignalNotificationServiceExtension;
                 				PRODUCT_NAME = "$(TARGET_NAME)";
                 				PROVISIONING_PROFILE_SPECIFIER = OneSignalNotifications;
                 				SKIP_INSTALL = YES;
                 				SWIFT_VERSION = 4.0;
                 			};
                 			name = Release;
                 		};
                 /* End XCBuildConfiguration section */

                 /* Begin XCConfigurationList section */
                 		1807C9661EF96D58003F554F /* Build configuration list for PBXProject "Privileb" */ = {
                 			isa = XCConfigurationList;
                 			buildConfigurations = (
                 				1807C97D1EF96D5D003F554F /* Debug */,
                 				1807C97E1EF96D5D003F554F /* Release */,
                 			);
                 			defaultConfigurationIsVisible = 0;
                 			defaultConfigurationName = Release;
                 		};
                 		1807C97F1EF96D5D003F554F /* Build configuration list for PBXNativeTarget "Privileb" */ = {
                 			isa = XCConfigurationList;
                 			buildConfigurations = (
                 				1807C9801EF96D5D003F554F /* Debug */,
                 				1807C9811EF96D5D003F554F /* Release */,
                 			);

			defaultConfigurationIsVisible = 0;
			defaultConfigurationName = Release;
		};
		5B5872001F56A88400D660BF /* Build configuration list for PBXNativeTarget "OneSignalNotificationServiceExtension" */ = {
			isa = XCConfigurationList;
			buildConfigurations = (
				5B5872011F56A88400D660BF /* Debug */,
				5B5872021F56A88400D660BF /* Release */,
			);
			defaultConfigurationIsVisible = 0;
			defaultConfigurationName = Release;
		};
/* End XCConfigurationList section */
	};
	rootObject = 1807C9631EF96D58003F554F /* Project object */;
}
